// !$*UTF8*$!
{
	archiveVersion = 1;
	classes = {
	};
	objectVersion = 55;
	objects = {

/* Begin PBXBuildFile section */
		DA9925D5283E0DD5004C0FF6 /* AppDelegate.swift in Sources */ = {isa = PBXBuildFile; fileRef = DA9925D4283E0DD5004C0FF6 /* AppDelegate.swift */; };
		DA9925D7283E0DD5004C0FF6 /* SceneDelegate.swift in Sources */ = {isa = PBXBuildFile; fileRef = DA9925D6283E0DD5004C0FF6 /* SceneDelegate.swift */; };
		DA9925D9283E0DD5004C0FF6 /* ViewController.swift in Sources */ = {isa = PBXBuildFile; fileRef = DA9925D8283E0DD5004C0FF6 /* ViewController.swift */; };
		DA9925DC283E0DD5004C0FF6 /* Main.storyboard in Resources */ = {isa = PBXBuildFile; fileRef = DA9925DA283E0DD5004C0FF6 /* Main.storyboard */; };
		DA9925DE283E0DD7004C0FF6 /* Assets.xcassets in Resources */ = {isa = PBXBuildFile; fileRef = DA9925DD283E0DD7004C0FF6 /* Assets.xcassets */; };
		DA9925E1283E0DD7004C0FF6 /* LaunchScreen.storyboard in Resources */ = {isa = PBXBuildFile; fileRef = DA9925DF283E0DD7004C0FF6 /* LaunchScreen.storyboard */; };
		DA9925EC283E0DD7004C0FF6 /* ChecklistsTests.swift in Sources */ = {isa = PBXBuildFile; fileRef = DA9925EB283E0DD7004C0FF6 /* ChecklistsTests.swift */; };
		DA9925F6283E0DD7004C0FF6 /* ChecklistsUITests.swift in Sources */ = {isa = PBXBuildFile; fileRef = DA9925F5283E0DD7004C0FF6 /* ChecklistsUITests.swift */; };
		DA9925F8283E0DD7004C0FF6 /* ChecklistsUITestsLaunchTests.swift in Sources */ = {isa = PBXBuildFile; fileRef = DA9925F7283E0DD7004C0FF6 /* ChecklistsUITestsLaunchTests.swift */; };
		DA99260B283E145A004C0FF6 /* UIFont+.swift in Sources */ = {isa = PBXBuildFile; fileRef = DA99260A283E145A004C0FF6 /* UIFont+.swift */; };
		DA99260D283E149C004C0FF6 /* UILabel+.swift in Sources */ = {isa = PBXBuildFile; fileRef = DA99260C283E149C004C0FF6 /* UILabel+.swift */; };
		DA992610283E15DB004C0FF6 /* Animator.swift in Sources */ = {isa = PBXBuildFile; fileRef = DA99260F283E15DB004C0FF6 /* Animator.swift */; };
		DA992612283E161F004C0FF6 /* CombineTimer.swift in Sources */ = {isa = PBXBuildFile; fileRef = DA992611283E161F004C0FF6 /* CombineTimer.swift */; };
		DA992614283E1673004C0FF6 /* GesturePublisher.swift in Sources */ = {isa = PBXBuildFile; fileRef = DA992613283E1673004C0FF6 /* GesturePublisher.swift */; };
		DA992622283E1F53004C0FF6 /* Coordinator.swift in Sources */ = {isa = PBXBuildFile; fileRef = DA992621283E1F53004C0FF6 /* Coordinator.swift */; };
		DA992626283E2165004C0FF6 /* RootCoordinator.swift in Sources */ = {isa = PBXBuildFile; fileRef = DA992625283E2165004C0FF6 /* RootCoordinator.swift */; };
		DA99262A283E223D004C0FF6 /* AppCoordinator.swift in Sources */ = {isa = PBXBuildFile; fileRef = DA992629283E223D004C0FF6 /* AppCoordinator.swift */; };
/* End PBXBuildFile section */

/* Begin PBXContainerItemProxy section */
		DA9925E8283E0DD7004C0FF6 /* PBXContainerItemProxy */ = {
			isa = PBXContainerItemProxy;
			containerPortal = DA9925C9283E0DD5004C0FF6 /* Project object */;
			proxyType = 1;
			remoteGlobalIDString = DA9925D0283E0DD5004C0FF6;
			remoteInfo = Checklists;
		};
		DA9925F2283E0DD7004C0FF6 /* PBXContainerItemProxy */ = {
			isa = PBXContainerItemProxy;
			containerPortal = DA9925C9283E0DD5004C0FF6 /* Project object */;
			proxyType = 1;
			remoteGlobalIDString = DA9925D0283E0DD5004C0FF6;
			remoteInfo = Checklists;
		};
/* End PBXContainerItemProxy section */

/* Begin PBXFileReference section */
		DA9925D1283E0DD5004C0FF6 /* Checklists.app */ = {isa = PBXFileReference; explicitFileType = wrapper.application; includeInIndex = 0; path = Checklists.app; sourceTree = BUILT_PRODUCTS_DIR; };
		DA9925D4283E0DD5004C0FF6 /* AppDelegate.swift */ = {isa = PBXFileReference; lastKnownFileType = sourcecode.swift; path = AppDelegate.swift; sourceTree = "<group>"; };
		DA9925D6283E0DD5004C0FF6 /* SceneDelegate.swift */ = {isa = PBXFileReference; lastKnownFileType = sourcecode.swift; path = SceneDelegate.swift; sourceTree = "<group>"; };
		DA9925D8283E0DD5004C0FF6 /* ViewController.swift */ = {isa = PBXFileReference; lastKnownFileType = sourcecode.swift; path = ViewController.swift; sourceTree = "<group>"; };
		DA9925DB283E0DD5004C0FF6 /* Base */ = {isa = PBXFileReference; lastKnownFileType = file.storyboard; name = Base; path = Base.lproj/Main.storyboard; sourceTree = "<group>"; };
		DA9925DD283E0DD7004C0FF6 /* Assets.xcassets */ = {isa = PBXFileReference; lastKnownFileType = folder.assetcatalog; path = Assets.xcassets; sourceTree = "<group>"; };
		DA9925E0283E0DD7004C0FF6 /* Base */ = {isa = PBXFileReference; lastKnownFileType = file.storyboard; name = Base; path = Base.lproj/LaunchScreen.storyboard; sourceTree = "<group>"; };
		DA9925E2283E0DD7004C0FF6 /* Info.plist */ = {isa = PBXFileReference; lastKnownFileType = text.plist.xml; path = Info.plist; sourceTree = "<group>"; };
		DA9925E7283E0DD7004C0FF6 /* ChecklistsTests.xctest */ = {isa = PBXFileReference; explicitFileType = wrapper.cfbundle; includeInIndex = 0; path = ChecklistsTests.xctest; sourceTree = BUILT_PRODUCTS_DIR; };
		DA9925EB283E0DD7004C0FF6 /* ChecklistsTests.swift */ = {isa = PBXFileReference; lastKnownFileType = sourcecode.swift; path = ChecklistsTests.swift; sourceTree = "<group>"; };
		DA9925F1283E0DD7004C0FF6 /* ChecklistsUITests.xctest */ = {isa = PBXFileReference; explicitFileType = wrapper.cfbundle; includeInIndex = 0; path = ChecklistsUITests.xctest; sourceTree = BUILT_PRODUCTS_DIR; };
		DA9925F5283E0DD7004C0FF6 /* ChecklistsUITests.swift */ = {isa = PBXFileReference; lastKnownFileType = sourcecode.swift; path = ChecklistsUITests.swift; sourceTree = "<group>"; };
		DA9925F7283E0DD7004C0FF6 /* ChecklistsUITestsLaunchTests.swift */ = {isa = PBXFileReference; lastKnownFileType = sourcecode.swift; path = ChecklistsUITestsLaunchTests.swift; sourceTree = "<group>"; };
		DA99260A283E145A004C0FF6 /* UIFont+.swift */ = {isa = PBXFileReference; lastKnownFileType = sourcecode.swift; path = "UIFont+.swift"; sourceTree = "<group>"; };
		DA99260C283E149C004C0FF6 /* UILabel+.swift */ = {isa = PBXFileReference; lastKnownFileType = sourcecode.swift; path = "UILabel+.swift"; sourceTree = "<group>"; };
		DA99260F283E15DB004C0FF6 /* Animator.swift */ = {isa = PBXFileReference; lastKnownFileType = sourcecode.swift; path = Animator.swift; sourceTree = "<group>"; };
		DA992611283E161F004C0FF6 /* CombineTimer.swift */ = {isa = PBXFileReference; lastKnownFileType = sourcecode.swift; path = CombineTimer.swift; sourceTree = "<group>"; };
		DA992613283E1673004C0FF6 /* GesturePublisher.swift */ = {isa = PBXFileReference; lastKnownFileType = sourcecode.swift; path = GesturePublisher.swift; sourceTree = "<group>"; };
		DA99261D283E18AC004C0FF6 /* development.xcconfig */ = {isa = PBXFileReference; lastKnownFileType = text.xcconfig; path = development.xcconfig; sourceTree = "<group>"; };
		DA99261E283E18C7004C0FF6 /* test.xcconfig */ = {isa = PBXFileReference; lastKnownFileType = text.xcconfig; path = test.xcconfig; sourceTree = "<group>"; };
		DA99261F283E18E6004C0FF6 /* production.xcconfig */ = {isa = PBXFileReference; lastKnownFileType = text.xcconfig; path = production.xcconfig; sourceTree = "<group>"; };
		DA992621283E1F53004C0FF6 /* Coordinator.swift */ = {isa = PBXFileReference; lastKnownFileType = sourcecode.swift; path = Coordinator.swift; sourceTree = "<group>"; };
		DA992625283E2165004C0FF6 /* RootCoordinator.swift */ = {isa = PBXFileReference; lastKnownFileType = sourcecode.swift; path = RootCoordinator.swift; sourceTree = "<group>"; };
		DA992629283E223D004C0FF6 /* AppCoordinator.swift */ = {isa = PBXFileReference; lastKnownFileType = sourcecode.swift; path = AppCoordinator.swift; sourceTree = "<group>"; };
/* End PBXFileReference section */

/* Begin PBXFrameworksBuildPhase section */
		DA9925CE283E0DD5004C0FF6 /* Frameworks */ = {
			isa = PBXFrameworksBuildPhase;
			buildActionMask = 2147483647;
			files = (
			);
			runOnlyForDeploymentPostprocessing = 0;
		};
		DA9925E4283E0DD7004C0FF6 /* Frameworks */ = {
			isa = PBXFrameworksBuildPhase;
			buildActionMask = 2147483647;
			files = (
			);
			runOnlyForDeploymentPostprocessing = 0;
		};
		DA9925EE283E0DD7004C0FF6 /* Frameworks */ = {
			isa = PBXFrameworksBuildPhase;
			buildActionMask = 2147483647;
			files = (
			);
			runOnlyForDeploymentPostprocessing = 0;
		};
/* End PBXFrameworksBuildPhase section */

/* Begin PBXGroup section */
		DA9925C8283E0DD5004C0FF6 = {
			isa = PBXGroup;
			children = (
				DA9925D3283E0DD5004C0FF6 /* Checklists */,
				DA9925EA283E0DD7004C0FF6 /* ChecklistsTests */,
				DA9925F4283E0DD7004C0FF6 /* ChecklistsUITests */,
				DA9925D2283E0DD5004C0FF6 /* Products */,
			);
			sourceTree = "<group>";
		};
		DA9925D2283E0DD5004C0FF6 /* Products */ = {
			isa = PBXGroup;
			children = (
				DA9925D1283E0DD5004C0FF6 /* Checklists.app */,
				DA9925E7283E0DD7004C0FF6 /* ChecklistsTests.xctest */,
				DA9925F1283E0DD7004C0FF6 /* ChecklistsUITests.xctest */,
			);
			name = Products;
			sourceTree = "<group>";
		};
		DA9925D3283E0DD5004C0FF6 /* Checklists */ = {
			isa = PBXGroup;
			children = (
				DA992620283E1EB7004C0FF6 /* Coordinator */,
				DA992604283E10C6004C0FF6 /* Application */,
				DA992615283E171A004C0FF6 /* Scene */,
				DA992616283E174E004C0FF6 /* Resource */,
				DA9925DD283E0DD7004C0FF6 /* Assets.xcassets */,
				DA9925DA283E0DD5004C0FF6 /* Main.storyboard */,
			);
			path = Checklists;
			sourceTree = "<group>";
		};
		DA9925EA283E0DD7004C0FF6 /* ChecklistsTests */ = {
			isa = PBXGroup;
			children = (
				DA9925EB283E0DD7004C0FF6 /* ChecklistsTests.swift */,
			);
			path = ChecklistsTests;
			sourceTree = "<group>";
		};
		DA9925F4283E0DD7004C0FF6 /* ChecklistsUITests */ = {
			isa = PBXGroup;
			children = (
				DA9925F5283E0DD7004C0FF6 /* ChecklistsUITests.swift */,
				DA9925F7283E0DD7004C0FF6 /* ChecklistsUITestsLaunchTests.swift */,
			);
			path = ChecklistsUITests;
			sourceTree = "<group>";
		};
		DA992604283E10C6004C0FF6 /* Application */ = {
			isa = PBXGroup;
			children = (
				DA99261C283E1869004C0FF6 /* Configuration */,
				DA99260E283E15C4004C0FF6 /* Helpers */,
				DA992609283E132A004C0FF6 /* Extension */,
				DA9925E2283E0DD7004C0FF6 /* Info.plist */,
				DA9925D4283E0DD5004C0FF6 /* AppDelegate.swift */,
				DA9925D6283E0DD5004C0FF6 /* SceneDelegate.swift */,
				DA992621283E1F53004C0FF6 /* Coordinator.swift */,
			);
			path = Application;
			sourceTree = "<group>";
		};
		DA992609283E132A004C0FF6 /* Extension */ = {
			isa = PBXGroup;
			children = (
				DA99260A283E145A004C0FF6 /* UIFont+.swift */,
				DA99260C283E149C004C0FF6 /* UILabel+.swift */,
			);
			path = Extension;
			sourceTree = "<group>";
		};
		DA99260E283E15C4004C0FF6 /* Helpers */ = {
			isa = PBXGroup;
			children = (
				DA99260F283E15DB004C0FF6 /* Animator.swift */,
				DA992611283E161F004C0FF6 /* CombineTimer.swift */,
				DA992613283E1673004C0FF6 /* GesturePublisher.swift */,
			);
			path = Helpers;
			sourceTree = "<group>";
		};
		DA992615283E171A004C0FF6 /* Scene */ = {
			isa = PBXGroup;
			children = (
				DA9925D8283E0DD5004C0FF6 /* ViewController.swift */,
			);
			path = Scene;
			sourceTree = "<group>";
		};
		DA992616283E174E004C0FF6 /* Resource */ = {
			isa = PBXGroup;
			children = (
				DA992617283E1767004C0FF6 /* LaunchScreen */,
			);
			path = Resource;
			sourceTree = "<group>";
		};
		DA992617283E1767004C0FF6 /* LaunchScreen */ = {
			isa = PBXGroup;
			children = (
				DA9925DF283E0DD7004C0FF6 /* LaunchScreen.storyboard */,
			);
			path = LaunchScreen;
			sourceTree = "<group>";
		};
		DA99261C283E1869004C0FF6 /* Configuration */ = {
			isa = PBXGroup;
			children = (
				DA99261D283E18AC004C0FF6 /* development.xcconfig */,
				DA99261E283E18C7004C0FF6 /* test.xcconfig */,
				DA99261F283E18E6004C0FF6 /* production.xcconfig */,
			);
			path = Configuration;
			sourceTree = "<group>";
		};
		DA992620283E1EB7004C0FF6 /* Coordinator */ = {
			isa = PBXGroup;
			children = (
				DA992628283E221D004C0FF6 /* UnAuthenticated */,
				DA992627283E2212004C0FF6 /* Authenticated */,
				DA992625283E2165004C0FF6 /* RootCoordinator.swift */,
			);
			path = Coordinator;
			sourceTree = "<group>";
		};
		DA992627283E2212004C0FF6 /* Authenticated */ = {
			isa = PBXGroup;
			children = (
				DA992629283E223D004C0FF6 /* AppCoordinator.swift */,
			);
			path = Authenticated;
			sourceTree = "<group>";
		};
		DA992628283E221D004C0FF6 /* UnAuthenticated */ = {
			isa = PBXGroup;
			children = (
			);
			path = UnAuthenticated;
			sourceTree = "<group>";
		};
/* End PBXGroup section */

/* Begin PBXNativeTarget section */
		DA9925D0283E0DD5004C0FF6 /* Checklists */ = {
			isa = PBXNativeTarget;
			buildConfigurationList = DA9925FB283E0DD7004C0FF6 /* Build configuration list for PBXNativeTarget "Checklists" */;
			buildPhases = (
				DA9925CD283E0DD5004C0FF6 /* Sources */,
				DA9925CE283E0DD5004C0FF6 /* Frameworks */,
				DA9925CF283E0DD5004C0FF6 /* Resources */,
				DA99262B283E2322004C0FF6 /* SwiftLint */,
			);
			buildRules = (
			);
			dependencies = (
			);
			name = Checklists;
			productName = Checklists;
			productReference = DA9925D1283E0DD5004C0FF6 /* Checklists.app */;
			productType = "com.apple.product-type.application";
		};
		DA9925E6283E0DD7004C0FF6 /* ChecklistsTests */ = {
			isa = PBXNativeTarget;
			buildConfigurationList = DA9925FE283E0DD7004C0FF6 /* Build configuration list for PBXNativeTarget "ChecklistsTests" */;
			buildPhases = (
				DA9925E3283E0DD7004C0FF6 /* Sources */,
				DA9925E4283E0DD7004C0FF6 /* Frameworks */,
				DA9925E5283E0DD7004C0FF6 /* Resources */,
			);
			buildRules = (
			);
			dependencies = (
				DA9925E9283E0DD7004C0FF6 /* PBXTargetDependency */,
			);
			name = ChecklistsTests;
			productName = ChecklistsTests;
			productReference = DA9925E7283E0DD7004C0FF6 /* ChecklistsTests.xctest */;
			productType = "com.apple.product-type.bundle.unit-test";
		};
		DA9925F0283E0DD7004C0FF6 /* ChecklistsUITests */ = {
			isa = PBXNativeTarget;
			buildConfigurationList = DA992601283E0DD7004C0FF6 /* Build configuration list for PBXNativeTarget "ChecklistsUITests" */;
			buildPhases = (
				DA9925ED283E0DD7004C0FF6 /* Sources */,
				DA9925EE283E0DD7004C0FF6 /* Frameworks */,
				DA9925EF283E0DD7004C0FF6 /* Resources */,
			);
			buildRules = (
			);
			dependencies = (
				DA9925F3283E0DD7004C0FF6 /* PBXTargetDependency */,
			);
			name = ChecklistsUITests;
			productName = ChecklistsUITests;
			productReference = DA9925F1283E0DD7004C0FF6 /* ChecklistsUITests.xctest */;
			productType = "com.apple.product-type.bundle.ui-testing";
		};
/* End PBXNativeTarget section */

/* Begin PBXProject section */
		DA9925C9283E0DD5004C0FF6 /* Project object */ = {
			isa = PBXProject;
			attributes = {
				BuildIndependentTargetsInParallel = 1;
				LastSwiftUpdateCheck = 1310;
				LastUpgradeCheck = 1310;
				TargetAttributes = {
					DA9925D0283E0DD5004C0FF6 = {
						CreatedOnToolsVersion = 13.1;
					};
					DA9925E6283E0DD7004C0FF6 = {
						CreatedOnToolsVersion = 13.1;
						TestTargetID = DA9925D0283E0DD5004C0FF6;
					};
					DA9925F0283E0DD7004C0FF6 = {
						CreatedOnToolsVersion = 13.1;
						TestTargetID = DA9925D0283E0DD5004C0FF6;
					};
				};
			};
			buildConfigurationList = DA9925CC283E0DD5004C0FF6 /* Build configuration list for PBXProject "Checklists" */;
			compatibilityVersion = "Xcode 13.0";
			developmentRegion = en;
			hasScannedForEncodings = 0;
			knownRegions = (
				en,
				Base,
			);
			mainGroup = DA9925C8283E0DD5004C0FF6;
			productRefGroup = DA9925D2283E0DD5004C0FF6 /* Products */;
			projectDirPath = "";
			projectRoot = "";
			targets = (
				DA9925D0283E0DD5004C0FF6 /* Checklists */,
				DA9925E6283E0DD7004C0FF6 /* ChecklistsTests */,
				DA9925F0283E0DD7004C0FF6 /* ChecklistsUITests */,
			);
		};
/* End PBXProject section */

/* Begin PBXResourcesBuildPhase section */
		DA9925CF283E0DD5004C0FF6 /* Resources */ = {
			isa = PBXResourcesBuildPhase;
			buildActionMask = 2147483647;
			files = (
				DA9925E1283E0DD7004C0FF6 /* LaunchScreen.storyboard in Resources */,
				DA9925DE283E0DD7004C0FF6 /* Assets.xcassets in Resources */,
				DA9925DC283E0DD5004C0FF6 /* Main.storyboard in Resources */,
			);
			runOnlyForDeploymentPostprocessing = 0;
		};
		DA9925E5283E0DD7004C0FF6 /* Resources */ = {
			isa = PBXResourcesBuildPhase;
			buildActionMask = 2147483647;
			files = (
			);
			runOnlyForDeploymentPostprocessing = 0;
		};
		DA9925EF283E0DD7004C0FF6 /* Resources */ = {
			isa = PBXResourcesBuildPhase;
			buildActionMask = 2147483647;
			files = (
			);
			runOnlyForDeploymentPostprocessing = 0;
		};
/* End PBXResourcesBuildPhase section */

/* Begin PBXShellScriptBuildPhase section */
		DA99262B283E2322004C0FF6 /* SwiftLint */ = {
			isa = PBXShellScriptBuildPhase;
			buildActionMask = 2147483647;
			files = (
			);
			inputFileListPaths = (
			);
			inputPaths = (
			);
			name = SwiftLint;
			outputFileListPaths = (
			);
			outputPaths = (
			);
			runOnlyForDeploymentPostprocessing = 0;
			shellPath = /bin/sh;
			shellScript = "\"${PROJECT_DIR}/scripts/swiftlint/swiftlint\"\n";
		};
/* End PBXShellScriptBuildPhase section */

/* Begin PBXSourcesBuildPhase section */
		DA9925CD283E0DD5004C0FF6 /* Sources */ = {
			isa = PBXSourcesBuildPhase;
			buildActionMask = 2147483647;
			files = (
				DA99262A283E223D004C0FF6 /* AppCoordinator.swift in Sources */,
				DA992610283E15DB004C0FF6 /* Animator.swift in Sources */,
				DA99260B283E145A004C0FF6 /* UIFont+.swift in Sources */,
				DA992626283E2165004C0FF6 /* RootCoordinator.swift in Sources */,
				DA992612283E161F004C0FF6 /* CombineTimer.swift in Sources */,
				DA9925D9283E0DD5004C0FF6 /* ViewController.swift in Sources */,
				DA99260D283E149C004C0FF6 /* UILabel+.swift in Sources */,
				DA9925D5283E0DD5004C0FF6 /* AppDelegate.swift in Sources */,
				DA992614283E1673004C0FF6 /* GesturePublisher.swift in Sources */,
				DA9925D7283E0DD5004C0FF6 /* SceneDelegate.swift in Sources */,
				DA992622283E1F53004C0FF6 /* Coordinator.swift in Sources */,
			);
			runOnlyForDeploymentPostprocessing = 0;
		};
		DA9925E3283E0DD7004C0FF6 /* Sources */ = {
			isa = PBXSourcesBuildPhase;
			buildActionMask = 2147483647;
			files = (
				DA9925EC283E0DD7004C0FF6 /* ChecklistsTests.swift in Sources */,
			);
			runOnlyForDeploymentPostprocessing = 0;
		};
		DA9925ED283E0DD7004C0FF6 /* Sources */ = {
			isa = PBXSourcesBuildPhase;
			buildActionMask = 2147483647;
			files = (
				DA9925F6283E0DD7004C0FF6 /* ChecklistsUITests.swift in Sources */,
				DA9925F8283E0DD7004C0FF6 /* ChecklistsUITestsLaunchTests.swift in Sources */,
			);
			runOnlyForDeploymentPostprocessing = 0;
		};
/* End PBXSourcesBuildPhase section */

/* Begin PBXTargetDependency section */
		DA9925E9283E0DD7004C0FF6 /* PBXTargetDependency */ = {
			isa = PBXTargetDependency;
			target = DA9925D0283E0DD5004C0FF6 /* Checklists */;
			targetProxy = DA9925E8283E0DD7004C0FF6 /* PBXContainerItemProxy */;
		};
		DA9925F3283E0DD7004C0FF6 /* PBXTargetDependency */ = {
			isa = PBXTargetDependency;
			target = DA9925D0283E0DD5004C0FF6 /* Checklists */;
			targetProxy = DA9925F2283E0DD7004C0FF6 /* PBXContainerItemProxy */;
		};
/* End PBXTargetDependency section */

/* Begin PBXVariantGroup section */
		DA9925DA283E0DD5004C0FF6 /* Main.storyboard */ = {
			isa = PBXVariantGroup;
			children = (
				DA9925DB283E0DD5004C0FF6 /* Base */,
			);
			name = Main.storyboard;
			sourceTree = "<group>";
		};
		DA9925DF283E0DD7004C0FF6 /* LaunchScreen.storyboard */ = {
			isa = PBXVariantGroup;
			children = (
				DA9925E0283E0DD7004C0FF6 /* Base */,
			);
			name = LaunchScreen.storyboard;
			sourceTree = "<group>";
		};
/* End PBXVariantGroup section */

/* Begin XCBuildConfiguration section */
		DA9925F9283E0DD7004C0FF6 /* Debug */ = {
			isa = XCBuildConfiguration;
			baseConfigurationReference = DA99261D283E18AC004C0FF6 /* development.xcconfig */;
			buildSettings = {
				ALWAYS_SEARCH_USER_PATHS = NO;
				CLANG_ANALYZER_NONNULL = YES;
				CLANG_ANALYZER_NUMBER_OBJECT_CONVERSION = YES_AGGRESSIVE;
				CLANG_CXX_LANGUAGE_STANDARD = "gnu++17";
				CLANG_CXX_LIBRARY = "libc++";
				CLANG_ENABLE_MODULES = YES;
				CLANG_ENABLE_OBJC_ARC = YES;
				CLANG_ENABLE_OBJC_WEAK = YES;
				CLANG_WARN_BLOCK_CAPTURE_AUTORELEASING = YES;
				CLANG_WARN_BOOL_CONVERSION = YES;
				CLANG_WARN_COMMA = YES;
				CLANG_WARN_CONSTANT_CONVERSION = YES;
				CLANG_WARN_DEPRECATED_OBJC_IMPLEMENTATIONS = YES;
				CLANG_WARN_DIRECT_OBJC_ISA_USAGE = YES_ERROR;
				CLANG_WARN_DOCUMENTATION_COMMENTS = YES;
				CLANG_WARN_EMPTY_BODY = YES;
				CLANG_WARN_ENUM_CONVERSION = YES;
				CLANG_WARN_INFINITE_RECURSION = YES;
				CLANG_WARN_INT_CONVERSION = YES;
				CLANG_WARN_NON_LITERAL_NULL_CONVERSION = YES;
				CLANG_WARN_OBJC_IMPLICIT_RETAIN_SELF = YES;
				CLANG_WARN_OBJC_LITERAL_CONVERSION = YES;
				CLANG_WARN_OBJC_ROOT_CLASS = YES_ERROR;
				CLANG_WARN_QUOTED_INCLUDE_IN_FRAMEWORK_HEADER = YES;
				CLANG_WARN_RANGE_LOOP_ANALYSIS = YES;
				CLANG_WARN_STRICT_PROTOTYPES = YES;
				CLANG_WARN_SUSPICIOUS_MOVE = YES;
				CLANG_WARN_UNGUARDED_AVAILABILITY = YES_AGGRESSIVE;
				CLANG_WARN_UNREACHABLE_CODE = YES;
				CLANG_WARN__DUPLICATE_METHOD_MATCH = YES;
				COPY_PHASE_STRIP = NO;
				DEBUG_INFORMATION_FORMAT = dwarf;
				ENABLE_STRICT_OBJC_MSGSEND = YES;
				ENABLE_TESTABILITY = YES;
				GCC_C_LANGUAGE_STANDARD = gnu11;
				GCC_DYNAMIC_NO_PIC = NO;
				GCC_NO_COMMON_BLOCKS = YES;
				GCC_OPTIMIZATION_LEVEL = 0;
				GCC_PREPROCESSOR_DEFINITIONS = (
					"DEBUG=1",
					"$(inherited)",
				);
				GCC_WARN_64_TO_32_BIT_CONVERSION = YES;
				GCC_WARN_ABOUT_RETURN_TYPE = YES_ERROR;
				GCC_WARN_UNDECLARED_SELECTOR = YES;
				GCC_WARN_UNINITIALIZED_AUTOS = YES_AGGRESSIVE;
				GCC_WARN_UNUSED_FUNCTION = YES;
				GCC_WARN_UNUSED_VARIABLE = YES;
				IPHONEOS_DEPLOYMENT_TARGET = 13.0;
				MTL_ENABLE_DEBUG_INFO = INCLUDE_SOURCE;
				MTL_FAST_MATH = YES;
				ONLY_ACTIVE_ARCH = YES;
				SDKROOT = iphoneos;
				SWIFT_ACTIVE_COMPILATION_CONDITIONS = DEBUG;
				SWIFT_OPTIMIZATION_LEVEL = "-Onone";
			};
			name = Debug;
		};
		DA9925FA283E0DD7004C0FF6 /* Release */ = {
			isa = XCBuildConfiguration;
			baseConfigurationReference = DA99261F283E18E6004C0FF6 /* production.xcconfig */;
			buildSettings = {
				ALWAYS_SEARCH_USER_PATHS = NO;
				CLANG_ANALYZER_NONNULL = YES;
				CLANG_ANALYZER_NUMBER_OBJECT_CONVERSION = YES_AGGRESSIVE;
				CLANG_CXX_LANGUAGE_STANDARD = "gnu++17";
				CLANG_CXX_LIBRARY = "libc++";
				CLANG_ENABLE_MODULES = YES;
				CLANG_ENABLE_OBJC_ARC = YES;
				CLANG_ENABLE_OBJC_WEAK = YES;
				CLANG_WARN_BLOCK_CAPTURE_AUTORELEASING = YES;
				CLANG_WARN_BOOL_CONVERSION = YES;
				CLANG_WARN_COMMA = YES;
				CLANG_WARN_CONSTANT_CONVERSION = YES;
				CLANG_WARN_DEPRECATED_OBJC_IMPLEMENTATIONS = YES;
				CLANG_WARN_DIRECT_OBJC_ISA_USAGE = YES_ERROR;
				CLANG_WARN_DOCUMENTATION_COMMENTS = YES;
				CLANG_WARN_EMPTY_BODY = YES;
				CLANG_WARN_ENUM_CONVERSION = YES;
				CLANG_WARN_INFINITE_RECURSION = YES;
				CLANG_WARN_INT_CONVERSION = YES;
				CLANG_WARN_NON_LITERAL_NULL_CONVERSION = YES;
				CLANG_WARN_OBJC_IMPLICIT_RETAIN_SELF = YES;
				CLANG_WARN_OBJC_LITERAL_CONVERSION = YES;
				CLANG_WARN_OBJC_ROOT_CLASS = YES_ERROR;
				CLANG_WARN_QUOTED_INCLUDE_IN_FRAMEWORK_HEADER = YES;
				CLANG_WARN_RANGE_LOOP_ANALYSIS = YES;
				CLANG_WARN_STRICT_PROTOTYPES = YES;
				CLANG_WARN_SUSPICIOUS_MOVE = YES;
				CLANG_WARN_UNGUARDED_AVAILABILITY = YES_AGGRESSIVE;
				CLANG_WARN_UNREACHABLE_CODE = YES;
				CLANG_WARN__DUPLICATE_METHOD_MATCH = YES;
				COPY_PHASE_STRIP = NO;
				DEBUG_INFORMATION_FORMAT = "dwarf-with-dsym";
				ENABLE_NS_ASSERTIONS = NO;
				ENABLE_STRICT_OBJC_MSGSEND = YES;
				GCC_C_LANGUAGE_STANDARD = gnu11;
				GCC_NO_COMMON_BLOCKS = YES;
				GCC_WARN_64_TO_32_BIT_CONVERSION = YES;
				GCC_WARN_ABOUT_RETURN_TYPE = YES_ERROR;
				GCC_WARN_UNDECLARED_SELECTOR = YES;
				GCC_WARN_UNINITIALIZED_AUTOS = YES_AGGRESSIVE;
				GCC_WARN_UNUSED_FUNCTION = YES;
				GCC_WARN_UNUSED_VARIABLE = YES;
				IPHONEOS_DEPLOYMENT_TARGET = 13.0;
				MTL_ENABLE_DEBUG_INFO = NO;
				MTL_FAST_MATH = YES;
				SDKROOT = iphoneos;
				SWIFT_COMPILATION_MODE = wholemodule;
				SWIFT_OPTIMIZATION_LEVEL = "-O";
				VALIDATE_PRODUCT = YES;
			};
			name = Release;
		};
		DA9925FC283E0DD7004C0FF6 /* Debug */ = {
			isa = XCBuildConfiguration;
			buildSettings = {
				ASSETCATALOG_COMPILER_APPICON_NAME = AppIcon;
				ASSETCATALOG_COMPILER_GLOBAL_ACCENT_COLOR_NAME = AccentColor;
				CODE_SIGN_STYLE = Automatic;
				CURRENT_PROJECT_VERSION = 1;
				DEVELOPMENT_TEAM = 6278X7SZT4;
				GENERATE_INFOPLIST_FILE = YES;
				INFOPLIST_FILE = Checklists/Application/Info.plist;
				INFOPLIST_KEY_UIApplicationSupportsIndirectInputEvents = YES;
				INFOPLIST_KEY_UILaunchStoryboardName = LaunchScreen;
				INFOPLIST_KEY_UIMainStoryboardFile = Main;
				INFOPLIST_KEY_UISupportedInterfaceOrientations_iPad = "UIInterfaceOrientationPortrait UIInterfaceOrientationPortraitUpsideDown UIInterfaceOrientationLandscapeLeft UIInterfaceOrientationLandscapeRight";
				INFOPLIST_KEY_UISupportedInterfaceOrientations_iPhone = "UIInterfaceOrientationPortrait UIInterfaceOrientationLandscapeLeft UIInterfaceOrientationLandscapeRight";
				LD_RUNPATH_SEARCH_PATHS = (
					"$(inherited)",
					"@executable_path/Frameworks",
				);
				MARKETING_VERSION = 1.0;
				PRODUCT_BUNDLE_IDENTIFIER = io.github.jhnplotim.ios.checklists.Checklists;
				PRODUCT_NAME = "$(TARGET_NAME)";
				SWIFT_EMIT_LOC_STRINGS = YES;
				SWIFT_VERSION = 5.0;
				TARGETED_DEVICE_FAMILY = "1,2";
			};
			name = Debug;
		};
		DA9925FD283E0DD7004C0FF6 /* Release */ = {
			isa = XCBuildConfiguration;
			buildSettings = {
				ASSETCATALOG_COMPILER_APPICON_NAME = AppIcon;
				ASSETCATALOG_COMPILER_GLOBAL_ACCENT_COLOR_NAME = AccentColor;
				CODE_SIGN_STYLE = Automatic;
				CURRENT_PROJECT_VERSION = 1;
				DEVELOPMENT_TEAM = 6278X7SZT4;
				GENERATE_INFOPLIST_FILE = YES;
				INFOPLIST_FILE = Checklists/Application/Info.plist;
				INFOPLIST_KEY_UIApplicationSupportsIndirectInputEvents = YES;
				INFOPLIST_KEY_UILaunchStoryboardName = LaunchScreen;
				INFOPLIST_KEY_UIMainStoryboardFile = Main;
				INFOPLIST_KEY_UISupportedInterfaceOrientations_iPad = "UIInterfaceOrientationPortrait UIInterfaceOrientationPortraitUpsideDown UIInterfaceOrientationLandscapeLeft UIInterfaceOrientationLandscapeRight";
				INFOPLIST_KEY_UISupportedInterfaceOrientations_iPhone = "UIInterfaceOrientationPortrait UIInterfaceOrientationLandscapeLeft UIInterfaceOrientationLandscapeRight";
				LD_RUNPATH_SEARCH_PATHS = (
					"$(inherited)",
					"@executable_path/Frameworks",
				);
				MARKETING_VERSION = 1.0;
				PRODUCT_BUNDLE_IDENTIFIER = io.github.jhnplotim.ios.checklists.Checklists;
				PRODUCT_NAME = "$(TARGET_NAME)";
				SWIFT_EMIT_LOC_STRINGS = YES;
				SWIFT_VERSION = 5.0;
				TARGETED_DEVICE_FAMILY = "1,2";
			};
			name = Release;
		};
		DA9925FF283E0DD7004C0FF6 /* Debug */ = {
			isa = XCBuildConfiguration;
			buildSettings = {
				ALWAYS_EMBED_SWIFT_STANDARD_LIBRARIES = YES;
				BUNDLE_LOADER = "$(TEST_HOST)";
				CODE_SIGN_STYLE = Automatic;
				CURRENT_PROJECT_VERSION = 1;
				DEVELOPMENT_TEAM = 6278X7SZT4;
				GENERATE_INFOPLIST_FILE = YES;
				IPHONEOS_DEPLOYMENT_TARGET = 15.0;
				LD_RUNPATH_SEARCH_PATHS = (
					"$(inherited)",
					"@executable_path/Frameworks",
					"@loader_path/Frameworks",
				);
				MARKETING_VERSION = 1.0;
				PRODUCT_BUNDLE_IDENTIFIER = io.github.jhnplotim.ios.checklists.ChecklistsTests;
				PRODUCT_NAME = "$(TARGET_NAME)";
				SWIFT_EMIT_LOC_STRINGS = NO;
				SWIFT_VERSION = 5.0;
				TARGETED_DEVICE_FAMILY = "1,2";
				TEST_HOST = "$(BUILT_PRODUCTS_DIR)/Checklists.app/Checklists";
			};
			name = Debug;
		};
		DA992600283E0DD7004C0FF6 /* Release */ = {
			isa = XCBuildConfiguration;
			buildSettings = {
				ALWAYS_EMBED_SWIFT_STANDARD_LIBRARIES = YES;
				BUNDLE_LOADER = "$(TEST_HOST)";
				CODE_SIGN_STYLE = Automatic;
				CURRENT_PROJECT_VERSION = 1;
				DEVELOPMENT_TEAM = 6278X7SZT4;
				GENERATE_INFOPLIST_FILE = YES;
				IPHONEOS_DEPLOYMENT_TARGET = 15.0;
				LD_RUNPATH_SEARCH_PATHS = (
					"$(inherited)",
					"@executable_path/Frameworks",
					"@loader_path/Frameworks",
				);
				MARKETING_VERSION = 1.0;
				PRODUCT_BUNDLE_IDENTIFIER = io.github.jhnplotim.ios.checklists.ChecklistsTests;
				PRODUCT_NAME = "$(TARGET_NAME)";
				SWIFT_EMIT_LOC_STRINGS = NO;
				SWIFT_VERSION = 5.0;
				TARGETED_DEVICE_FAMILY = "1,2";
				TEST_HOST = "$(BUILT_PRODUCTS_DIR)/Checklists.app/Checklists";
			};
			name = Release;
		};
		DA992602283E0DD7004C0FF6 /* Debug */ = {
			isa = XCBuildConfiguration;
			buildSettings = {
				ALWAYS_EMBED_SWIFT_STANDARD_LIBRARIES = YES;
				CODE_SIGN_STYLE = Automatic;
				CURRENT_PROJECT_VERSION = 1;
				DEVELOPMENT_TEAM = 6278X7SZT4;
				GENERATE_INFOPLIST_FILE = YES;
				LD_RUNPATH_SEARCH_PATHS = (
					"$(inherited)",
					"@executable_path/Frameworks",
					"@loader_path/Frameworks",
				);
				MARKETING_VERSION = 1.0;
				PRODUCT_BUNDLE_IDENTIFIER = io.github.jhnplotim.ios.checklists.ChecklistsUITests;
				PRODUCT_NAME = "$(TARGET_NAME)";
				SWIFT_EMIT_LOC_STRINGS = NO;
				SWIFT_VERSION = 5.0;
				TARGETED_DEVICE_FAMILY = "1,2";
				TEST_TARGET_NAME = Checklists;
			};
			name = Debug;
		};
		DA992603283E0DD7004C0FF6 /* Release */ = {
			isa = XCBuildConfiguration;
			buildSettings = {
				ALWAYS_EMBED_SWIFT_STANDARD_LIBRARIES = YES;
				CODE_SIGN_STYLE = Automatic;
				CURRENT_PROJECT_VERSION = 1;
				DEVELOPMENT_TEAM = 6278X7SZT4;
				GENERATE_INFOPLIST_FILE = YES;
				LD_RUNPATH_SEARCH_PATHS = (
					"$(inherited)",
					"@executable_path/Frameworks",
					"@loader_path/Frameworks",
				);
				MARKETING_VERSION = 1.0;
				PRODUCT_BUNDLE_IDENTIFIER = io.github.jhnplotim.ios.checklists.ChecklistsUITests;
				PRODUCT_NAME = "$(TARGET_NAME)";
				SWIFT_EMIT_LOC_STRINGS = NO;
				SWIFT_VERSION = 5.0;
				TARGETED_DEVICE_FAMILY = "1,2";
				TEST_TARGET_NAME = Checklists;
			};
			name = Release;
		};
		DA992618283E181A004C0FF6 /* Beta */ = {
			isa = XCBuildConfiguration;
			baseConfigurationReference = DA99261E283E18C7004C0FF6 /* test.xcconfig */;
			buildSettings = {
				ALWAYS_SEARCH_USER_PATHS = NO;
				CLANG_ANALYZER_NONNULL = YES;
				CLANG_ANALYZER_NUMBER_OBJECT_CONVERSION = YES_AGGRESSIVE;
				CLANG_CXX_LANGUAGE_STANDARD = "gnu++17";
				CLANG_CXX_LIBRARY = "libc++";
				CLANG_ENABLE_MODULES = YES;
				CLANG_ENABLE_OBJC_ARC = YES;
				CLANG_ENABLE_OBJC_WEAK = YES;
				CLANG_WARN_BLOCK_CAPTURE_AUTORELEASING = YES;
				CLANG_WARN_BOOL_CONVERSION = YES;
				CLANG_WARN_COMMA = YES;
				CLANG_WARN_CONSTANT_CONVERSION = YES;
				CLANG_WARN_DEPRECATED_OBJC_IMPLEMENTATIONS = YES;
				CLANG_WARN_DIRECT_OBJC_ISA_USAGE = YES_ERROR;
				CLANG_WARN_DOCUMENTATION_COMMENTS = YES;
				CLANG_WARN_EMPTY_BODY = YES;
				CLANG_WARN_ENUM_CONVERSION = YES;
				CLANG_WARN_INFINITE_RECURSION = YES;
				CLANG_WARN_INT_CONVERSION = YES;
				CLANG_WARN_NON_LITERAL_NULL_CONVERSION = YES;
				CLANG_WARN_OBJC_IMPLICIT_RETAIN_SELF = YES;
				CLANG_WARN_OBJC_LITERAL_CONVERSION = YES;
				CLANG_WARN_OBJC_ROOT_CLASS = YES_ERROR;
				CLANG_WARN_QUOTED_INCLUDE_IN_FRAMEWORK_HEADER = YES;
				CLANG_WARN_RANGE_LOOP_ANALYSIS = YES;
				CLANG_WARN_STRICT_PROTOTYPES = YES;
				CLANG_WARN_SUSPICIOUS_MOVE = YES;
				CLANG_WARN_UNGUARDED_AVAILABILITY = YES_AGGRESSIVE;
				CLANG_WARN_UNREACHABLE_CODE = YES;
				CLANG_WARN__DUPLICATE_METHOD_MATCH = YES;
				COPY_PHASE_STRIP = NO;
				DEBUG_INFORMATION_FORMAT = dwarf;
				ENABLE_STRICT_OBJC_MSGSEND = YES;
				ENABLE_TESTABILITY = YES;
				GCC_C_LANGUAGE_STANDARD = gnu11;
				GCC_DYNAMIC_NO_PIC = NO;
				GCC_NO_COMMON_BLOCKS = YES;
				GCC_OPTIMIZATION_LEVEL = 0;
				GCC_PREPROCESSOR_DEFINITIONS = (
					"DEBUG=1",
					"$(inherited)",
				);
				GCC_WARN_64_TO_32_BIT_CONVERSION = YES;
				GCC_WARN_ABOUT_RETURN_TYPE = YES_ERROR;
				GCC_WARN_UNDECLARED_SELECTOR = YES;
				GCC_WARN_UNINITIALIZED_AUTOS = YES_AGGRESSIVE;
				GCC_WARN_UNUSED_FUNCTION = YES;
				GCC_WARN_UNUSED_VARIABLE = YES;
				IPHONEOS_DEPLOYMENT_TARGET = 13.0;
				MTL_ENABLE_DEBUG_INFO = INCLUDE_SOURCE;
				MTL_FAST_MATH = YES;
				ONLY_ACTIVE_ARCH = YES;
				SDKROOT = iphoneos;
				SWIFT_ACTIVE_COMPILATION_CONDITIONS = DEBUG;
				SWIFT_OPTIMIZATION_LEVEL = "-Onone";
			};
			name = Beta;
		};
		DA992619283E181A004C0FF6 /* Beta */ = {
			isa = XCBuildConfiguration;
			buildSettings = {
				ASSETCATALOG_COMPILER_APPICON_NAME = AppIcon;
				ASSETCATALOG_COMPILER_GLOBAL_ACCENT_COLOR_NAME = AccentColor;
				CODE_SIGN_STYLE = Automatic;
				CURRENT_PROJECT_VERSION = 1;
				DEVELOPMENT_TEAM = 6278X7SZT4;
				GENERATE_INFOPLIST_FILE = YES;
				INFOPLIST_FILE = Checklists/Application/Info.plist;
				INFOPLIST_KEY_UIApplicationSupportsIndirectInputEvents = YES;
				INFOPLIST_KEY_UILaunchStoryboardName = LaunchScreen;
				INFOPLIST_KEY_UIMainStoryboardFile = Main;
				INFOPLIST_KEY_UISupportedInterfaceOrientations_iPad = "UIInterfaceOrientationPortrait UIInterfaceOrientationPortraitUpsideDown UIInterfaceOrientationLandscapeLeft UIInterfaceOrientationLandscapeRight";
				INFOPLIST_KEY_UISupportedInterfaceOrientations_iPhone = "UIInterfaceOrientationPortrait UIInterfaceOrientationLandscapeLeft UIInterfaceOrientationLandscapeRight";
				LD_RUNPATH_SEARCH_PATHS = (
					"$(inherited)",
					"@executable_path/Frameworks",
				);
				MARKETING_VERSION = 1.0;
				PRODUCT_BUNDLE_IDENTIFIER = io.github.jhnplotim.ios.checklists.Checklists;
				PRODUCT_NAME = "$(TARGET_NAME)";
				SWIFT_EMIT_LOC_STRINGS = YES;
				SWIFT_VERSION = 5.0;
				TARGETED_DEVICE_FAMILY = "1,2";
			};
			name = Beta;
		};
		DA99261A283E181A004C0FF6 /* Beta */ = {
			isa = XCBuildConfiguration;
			buildSettings = {
				ALWAYS_EMBED_SWIFT_STANDARD_LIBRARIES = YES;
				BUNDLE_LOADER = "$(TEST_HOST)";
				CODE_SIGN_STYLE = Automatic;
				CURRENT_PROJECT_VERSION = 1;
				DEVELOPMENT_TEAM = 6278X7SZT4;
				GENERATE_INFOPLIST_FILE = YES;
				IPHONEOS_DEPLOYMENT_TARGET = 15.0;
				LD_RUNPATH_SEARCH_PATHS = (
					"$(inherited)",
					"@executable_path/Frameworks",
					"@loader_path/Frameworks",
				);
				MARKETING_VERSION = 1.0;
				PRODUCT_BUNDLE_IDENTIFIER = io.github.jhnplotim.ios.checklists.ChecklistsTests;
				PRODUCT_NAME = "$(TARGET_NAME)";
				SWIFT_EMIT_LOC_STRINGS = NO;
				SWIFT_VERSION = 5.0;
				TARGETED_DEVICE_FAMILY = "1,2";
				TEST_HOST = "$(BUILT_PRODUCTS_DIR)/Checklists.app/Checklists";
			};
			name = Beta;
		};
		DA99261B283E181A004C0FF6 /* Beta */ = {
			isa = XCBuildConfiguration;
			buildSettings = {
				ALWAYS_EMBED_SWIFT_STANDARD_LIBRARIES = YES;
				CODE_SIGN_STYLE = Automatic;
				CURRENT_PROJECT_VERSION = 1;
				DEVELOPMENT_TEAM = 6278X7SZT4;
				GENERATE_INFOPLIST_FILE = YES;
				LD_RUNPATH_SEARCH_PATHS = (
					"$(inherited)",
					"@executable_path/Frameworks",
					"@loader_path/Frameworks",
				);
				MARKETING_VERSION = 1.0;
				PRODUCT_BUNDLE_IDENTIFIER = io.github.jhnplotim.ios.checklists.ChecklistsUITests;
				PRODUCT_NAME = "$(TARGET_NAME)";
				SWIFT_EMIT_LOC_STRINGS = NO;
				SWIFT_VERSION = 5.0;
				TARGETED_DEVICE_FAMILY = "1,2";
				TEST_TARGET_NAME = Checklists;
			};
			name = Beta;
		};
/* End XCBuildConfiguration section */

/* Begin XCConfigurationList section */
		DA9925CC283E0DD5004C0FF6 /* Build configuration list for PBXProject "Checklists" */ = {
			isa = XCConfigurationList;
			buildConfigurations = (
				DA9925F9283E0DD7004C0FF6 /* Debug */,
				DA992618283E181A004C0FF6 /* Beta */,
				DA9925FA283E0DD7004C0FF6 /* Release */,
			);
			defaultConfigurationIsVisible = 0;
			defaultConfigurationName = Release;
		};
		DA9925FB283E0DD7004C0FF6 /* Build configuration list for PBXNativeTarget "Checklists" */ = {
			isa = XCConfigurationList;
			buildConfigurations = (
				DA9925FC283E0DD7004C0FF6 /* Debug */,
				DA992619283E181A004C0FF6 /* Beta */,
				DA9925FD283E0DD7004C0FF6 /* Release */,
			);
			defaultConfigurationIsVisible = 0;
			defaultConfigurationName = Release;
		};
		DA9925FE283E0DD7004C0FF6 /* Build configuration list for PBXNativeTarget "ChecklistsTests" */ = {
			isa = XCConfigurationList;
			buildConfigurations = (
				DA9925FF283E0DD7004C0FF6 /* Debug */,
				DA99261A283E181A004C0FF6 /* Beta */,
				DA992600283E0DD7004C0FF6 /* Release */,
			);
			defaultConfigurationIsVisible = 0;
			defaultConfigurationName = Release;
		};
		DA992601283E0DD7004C0FF6 /* Build configuration list for PBXNativeTarget "ChecklistsUITests" */ = {
			isa = XCConfigurationList;
			buildConfigurations = (
				DA992602283E0DD7004C0FF6 /* Debug */,
				DA99261B283E181A004C0FF6 /* Beta */,
				DA992603283E0DD7004C0FF6 /* Release */,
			);
			defaultConfigurationIsVisible = 0;
			defaultConfigurationName = Release;
		};
/* End XCConfigurationList section */
	};
	rootObject = DA9925C9283E0DD5004C0FF6 /* Project object */;
}
