// !$*UTF8*$!
{
	archiveVersion = 1;
	classes = {
	};
	objectVersion = 55;
	objects = {

/* Begin PBXBuildFile section */
		7E0B9A0F2844A57A000E55D4 /* ChecklistItemCoordinator.swift in Sources */ = {isa = PBXBuildFile; fileRef = 7E0B9A0E2844A57A000E55D4 /* ChecklistItemCoordinator.swift */; };
		7E0B9A122844B9D8000E55D4 /* GPublisherUIView+.swift in Sources */ = {isa = PBXBuildFile; fileRef = 7E0B9A112844B9D8000E55D4 /* GPublisherUIView+.swift */; };
		7E2982B72848EDAC00BD68CF /* NotificationManager.swift in Sources */ = {isa = PBXBuildFile; fileRef = 7E2982B52848EDAC00BD68CF /* NotificationManager.swift */; };
		7E2982B82848EDAC00BD68CF /* NotificationManagerImpl.swift in Sources */ = {isa = PBXBuildFile; fileRef = 7E2982B62848EDAC00BD68CF /* NotificationManagerImpl.swift */; };
		7E2982BC284A040800BD68CF /* Array+Extensions.swift in Sources */ = {isa = PBXBuildFile; fileRef = 7E2982BB284A040800BD68CF /* Array+Extensions.swift */; };
		7E3287F228438DEC0003AE9E /* CacheManager.swift in Sources */ = {isa = PBXBuildFile; fileRef = 7E3287F028438DEC0003AE9E /* CacheManager.swift */; };
		7E3287F328438DEC0003AE9E /* CacheManagerImpl.swift in Sources */ = {isa = PBXBuildFile; fileRef = 7E3287F128438DEC0003AE9E /* CacheManagerImpl.swift */; };
		7E3287F528438EBC0003AE9E /* UserDefaultValue.swift in Sources */ = {isa = PBXBuildFile; fileRef = 7E3287F428438EBC0003AE9E /* UserDefaultValue.swift */; };
		7E3287F828438F6C0003AE9E /* CombineExt in Frameworks */ = {isa = PBXBuildFile; productRef = 7E3287F728438F6C0003AE9E /* CombineExt */; };
		7E3287FD2843927B0003AE9E /* KeychainValue.swift in Sources */ = {isa = PBXBuildFile; fileRef = 7E3287FC2843927B0003AE9E /* KeychainValue.swift */; };
		7E328800284394560003AE9E /* KeychainSwift in Frameworks */ = {isa = PBXBuildFile; productRef = 7E3287FF284394560003AE9E /* KeychainSwift */; };
		7E3B956E2844FBBB001211C0 /* DataModel.swift in Sources */ = {isa = PBXBuildFile; fileRef = 7E3B956D2844FBBB001211C0 /* DataModel.swift */; };
		7E3B957328454851001211C0 /* IconPickerViewModel.swift in Sources */ = {isa = PBXBuildFile; fileRef = 7E3B957028454851001211C0 /* IconPickerViewModel.swift */; };
		7E3B957428454851001211C0 /* IconPickerViewController.swift in Sources */ = {isa = PBXBuildFile; fileRef = 7E3B957128454851001211C0 /* IconPickerViewController.swift */; };
		7E3B957528454851001211C0 /* IconPickerViewController.storyboard in Resources */ = {isa = PBXBuildFile; fileRef = 7E3B957228454851001211C0 /* IconPickerViewController.storyboard */; };
		7EA6FA4C28473FA600E16DEB /* CustomUINavigationViewModel.swift in Sources */ = {isa = PBXBuildFile; fileRef = 7EA6FA4928473FA600E16DEB /* CustomUINavigationViewModel.swift */; };
		7EA6FA4D28473FA600E16DEB /* CustomUINavigationViewController.swift in Sources */ = {isa = PBXBuildFile; fileRef = 7EA6FA4A28473FA600E16DEB /* CustomUINavigationViewController.swift */; };
		7EA6FA4E28473FA600E16DEB /* CustomUINavigationViewController.storyboard in Resources */ = {isa = PBXBuildFile; fileRef = 7EA6FA4B28473FA600E16DEB /* CustomUINavigationViewController.storyboard */; };
		7EA6FA50284742D700E16DEB /* UINavigationController+.swift in Sources */ = {isa = PBXBuildFile; fileRef = 7EA6FA4F284742D700E16DEB /* UINavigationController+.swift */; };
		7EAC41F22843B760005609F4 /* README.MD in Resources */ = {isa = PBXBuildFile; fileRef = 7EAC41F12843B760005609F4 /* README.MD */; };
		7EE3C3B52841FA44000ED101 /* DependencyManager.swift in Sources */ = {isa = PBXBuildFile; fileRef = 7EE3C3B42841FA44000ED101 /* DependencyManager.swift */; };
		7EE3C3BD2841FB62000ED101 /* StorageManager.swift in Sources */ = {isa = PBXBuildFile; fileRef = 7EE3C3BB2841FB62000ED101 /* StorageManager.swift */; };
		7EE3C3BE2841FB62000ED101 /* StorageManagerImpl.swift in Sources */ = {isa = PBXBuildFile; fileRef = 7EE3C3BC2841FB62000ED101 /* StorageManagerImpl.swift */; };
		7EE3C3C1284200DC000ED101 /* ChecklistItem.swift in Sources */ = {isa = PBXBuildFile; fileRef = 7EE3C3C0284200DC000ED101 /* ChecklistItem.swift */; };
		7EE3C3C72842248B000ED101 /* AllListsViewModel.swift in Sources */ = {isa = PBXBuildFile; fileRef = 7EE3C3C42842248B000ED101 /* AllListsViewModel.swift */; };
		7EE3C3C82842248B000ED101 /* AllListsViewController.swift in Sources */ = {isa = PBXBuildFile; fileRef = 7EE3C3C52842248B000ED101 /* AllListsViewController.swift */; };
		7EE3C3C92842248B000ED101 /* AllListsViewController.storyboard in Resources */ = {isa = PBXBuildFile; fileRef = 7EE3C3C62842248B000ED101 /* AllListsViewController.storyboard */; };
		7EE3C3CD284224E9000ED101 /* ListDetailViewModel.swift in Sources */ = {isa = PBXBuildFile; fileRef = 7EE3C3CA284224E9000ED101 /* ListDetailViewModel.swift */; };
		7EE3C3CE284224E9000ED101 /* ListDetailViewController.swift in Sources */ = {isa = PBXBuildFile; fileRef = 7EE3C3CB284224E9000ED101 /* ListDetailViewController.swift */; };
		7EE3C3CF284224E9000ED101 /* ListDetailViewController.storyboard in Resources */ = {isa = PBXBuildFile; fileRef = 7EE3C3CC284224E9000ED101 /* ListDetailViewController.storyboard */; };
		7EE3C3D128422539000ED101 /* ListItem.swift in Sources */ = {isa = PBXBuildFile; fileRef = 7EE3C3D028422539000ED101 /* ListItem.swift */; };
		7EE3C3D7284225F0000ED101 /* ListRowTableViewCell.xib in Resources */ = {isa = PBXBuildFile; fileRef = 7EE3C3D3284225F0000ED101 /* ListRowTableViewCell.xib */; };
		7EE3C3D8284225F0000ED101 /* ListRowTableViewCell.swift in Sources */ = {isa = PBXBuildFile; fileRef = 7EE3C3D4284225F0000ED101 /* ListRowTableViewCell.swift */; };
		7EE3C3D9284225F0000ED101 /* ListRowView.swift in Sources */ = {isa = PBXBuildFile; fileRef = 7EE3C3D5284225F0000ED101 /* ListRowView.swift */; };
		7EE3C3DA284225F0000ED101 /* ListRowView.xib in Resources */ = {isa = PBXBuildFile; fileRef = 7EE3C3D6284225F0000ED101 /* ListRowView.xib */; };
		7EF05AE0283FDFD900F4873B /* AddChecklistViewModel.swift in Sources */ = {isa = PBXBuildFile; fileRef = 7EF05ADD283FDFD900F4873B /* AddChecklistViewModel.swift */; };
		7EF05AE1283FDFD900F4873B /* AddChecklistViewController.swift in Sources */ = {isa = PBXBuildFile; fileRef = 7EF05ADE283FDFD900F4873B /* AddChecklistViewController.swift */; };
		7EF05AE2283FDFD900F4873B /* AddChecklistViewController.storyboard in Resources */ = {isa = PBXBuildFile; fileRef = 7EF05ADF283FDFD900F4873B /* AddChecklistViewController.storyboard */; };
		DA9925D5283E0DD5004C0FF6 /* AppDelegate.swift in Sources */ = {isa = PBXBuildFile; fileRef = DA9925D4283E0DD5004C0FF6 /* AppDelegate.swift */; };
		DA9925D7283E0DD5004C0FF6 /* SceneDelegate.swift in Sources */ = {isa = PBXBuildFile; fileRef = DA9925D6283E0DD5004C0FF6 /* SceneDelegate.swift */; };
		DA9925DE283E0DD7004C0FF6 /* Assets.xcassets in Resources */ = {isa = PBXBuildFile; fileRef = DA9925DD283E0DD7004C0FF6 /* Assets.xcassets */; };
		DA9925E1283E0DD7004C0FF6 /* LaunchScreen.storyboard in Resources */ = {isa = PBXBuildFile; fileRef = DA9925DF283E0DD7004C0FF6 /* LaunchScreen.storyboard */; };
		DA9925EC283E0DD7004C0FF6 /* ChecklistsTests.swift in Sources */ = {isa = PBXBuildFile; fileRef = DA9925EB283E0DD7004C0FF6 /* ChecklistsTests.swift */; };
		DA9925F6283E0DD7004C0FF6 /* ChecklistsUITests.swift in Sources */ = {isa = PBXBuildFile; fileRef = DA9925F5283E0DD7004C0FF6 /* ChecklistsUITests.swift */; };
		DA9925F8283E0DD7004C0FF6 /* ChecklistsUITestsLaunchTests.swift in Sources */ = {isa = PBXBuildFile; fileRef = DA9925F7283E0DD7004C0FF6 /* ChecklistsUITestsLaunchTests.swift */; };
		DA99260B283E145A004C0FF6 /* UIFont+.swift in Sources */ = {isa = PBXBuildFile; fileRef = DA99260A283E145A004C0FF6 /* UIFont+.swift */; };
		DA99260D283E149C004C0FF6 /* UILabel+.swift in Sources */ = {isa = PBXBuildFile; fileRef = DA99260C283E149C004C0FF6 /* UILabel+.swift */; };
		DA992610283E15DB004C0FF6 /* Animator.swift in Sources */ = {isa = PBXBuildFile; fileRef = DA99260F283E15DB004C0FF6 /* Animator.swift */; };
		DA992612283E161F004C0FF6 /* CombineTimer.swift in Sources */ = {isa = PBXBuildFile; fileRef = DA992611283E161F004C0FF6 /* CombineTimer.swift */; };
		DA992614283E1673004C0FF6 /* GesturePublisher.swift in Sources */ = {isa = PBXBuildFile; fileRef = DA992613283E1673004C0FF6 /* GesturePublisher.swift */; };
		DA992622283E1F53004C0FF6 /* Coordinator.swift in Sources */ = {isa = PBXBuildFile; fileRef = DA992621283E1F53004C0FF6 /* Coordinator.swift */; };
		DA992626283E2165004C0FF6 /* RootCoordinator.swift in Sources */ = {isa = PBXBuildFile; fileRef = DA992625283E2165004C0FF6 /* RootCoordinator.swift */; };
		DA99262A283E223D004C0FF6 /* ChecklistCoordinator.swift in Sources */ = {isa = PBXBuildFile; fileRef = DA992629283E223D004C0FF6 /* ChecklistCoordinator.swift */; };
		DA99262D283E26CF004C0FF6 /* .swiftlint.yml in Resources */ = {isa = PBXBuildFile; fileRef = DA99262C283E26CF004C0FF6 /* .swiftlint.yml */; };
		DA99262F283E274C004C0FF6 /* swiftgen.yml in Resources */ = {isa = PBXBuildFile; fileRef = DA99262E283E274C004C0FF6 /* swiftgen.yml */; };
		DA992635283E28FB004C0FF6 /* Localizable.strings in Resources */ = {isa = PBXBuildFile; fileRef = DA992633283E28FB004C0FF6 /* Localizable.strings */; };
		DA992638283E2B03004C0FF6 /* Assets.swift in Sources */ = {isa = PBXBuildFile; fileRef = DA992636283E2B03004C0FF6 /* Assets.swift */; };
		DA992639283E2B03004C0FF6 /* Localizable.swift in Sources */ = {isa = PBXBuildFile; fileRef = DA992637283E2B03004C0FF6 /* Localizable.swift */; };
		DA99263B283E4F67004C0FF6 /* Instantiable+.swift in Sources */ = {isa = PBXBuildFile; fileRef = DA99263A283E4F67004C0FF6 /* Instantiable+.swift */; };
		DA992640283E5213004C0FF6 /* BaseUIViewController.swift in Sources */ = {isa = PBXBuildFile; fileRef = DA99263F283E5213004C0FF6 /* BaseUIViewController.swift */; };
		DA992642283E5225004C0FF6 /* BaseUITableViewController.swift in Sources */ = {isa = PBXBuildFile; fileRef = DA992641283E5225004C0FF6 /* BaseUITableViewController.swift */; };
		DA992647283E52EF004C0FF6 /* ChecklistViewModel.swift in Sources */ = {isa = PBXBuildFile; fileRef = DA992644283E52EF004C0FF6 /* ChecklistViewModel.swift */; };
		DA992648283E52EF004C0FF6 /* ChecklistViewController.swift in Sources */ = {isa = PBXBuildFile; fileRef = DA992645283E52EF004C0FF6 /* ChecklistViewController.swift */; };
		DA992649283E52EF004C0FF6 /* ChecklistViewController.storyboard in Resources */ = {isa = PBXBuildFile; fileRef = DA992646283E52EF004C0FF6 /* ChecklistViewController.storyboard */; };
		DAC1379E283E97EF00DDDD47 /* ShrinkCell.swift in Sources */ = {isa = PBXBuildFile; fileRef = DAC1379D283E97EF00DDDD47 /* ShrinkCell.swift */; };
		DAC137AD283E9B0A00DDDD47 /* SeparatorRowTableViewCell.xib in Resources */ = {isa = PBXBuildFile; fileRef = DAC137A9283E9B0900DDDD47 /* SeparatorRowTableViewCell.xib */; };
		DAC137AE283E9B0A00DDDD47 /* SeparatorRowTableViewCell.swift in Sources */ = {isa = PBXBuildFile; fileRef = DAC137AA283E9B0900DDDD47 /* SeparatorRowTableViewCell.swift */; };
		DAC137AF283E9B0A00DDDD47 /* SeparatorRowView.swift in Sources */ = {isa = PBXBuildFile; fileRef = DAC137AB283E9B0A00DDDD47 /* SeparatorRowView.swift */; };
		DAC137B0283E9B0A00DDDD47 /* SeparatorRowView.xib in Resources */ = {isa = PBXBuildFile; fileRef = DAC137AC283E9B0A00DDDD47 /* SeparatorRowView.xib */; };
		DAC137B5283E9B3F00DDDD47 /* ChecklistRowView.xib in Resources */ = {isa = PBXBuildFile; fileRef = DAC137B1283E9B3F00DDDD47 /* ChecklistRowView.xib */; };
		DAC137B6283E9B3F00DDDD47 /* ChecklistRowTableViewCell.swift in Sources */ = {isa = PBXBuildFile; fileRef = DAC137B2283E9B3F00DDDD47 /* ChecklistRowTableViewCell.swift */; };
		DAC137B7283E9B3F00DDDD47 /* ChecklistRowTableViewCell.xib in Resources */ = {isa = PBXBuildFile; fileRef = DAC137B3283E9B3F00DDDD47 /* ChecklistRowTableViewCell.xib */; };
		DAC137B8283E9B3F00DDDD47 /* ChecklistRowView.swift in Sources */ = {isa = PBXBuildFile; fileRef = DAC137B4283E9B3F00DDDD47 /* ChecklistRowView.swift */; };
		DAC137BB283E9C0700DDDD47 /* ReusableNibView.swift in Sources */ = {isa = PBXBuildFile; fileRef = DAC137BA283E9C0700DDDD47 /* ReusableNibView.swift */; };
		DAC137BD283E9C4800DDDD47 /* UIView+.swift in Sources */ = {isa = PBXBuildFile; fileRef = DAC137BC283E9C4800DDDD47 /* UIView+.swift */; };
		DAC137BF283F5B6F00DDDD47 /* ShadowView.swift in Sources */ = {isa = PBXBuildFile; fileRef = DAC137BE283F5B6F00DDDD47 /* ShadowView.swift */; };
		DAC137C1283F65EA00DDDD47 /* UITableView+.swift in Sources */ = {isa = PBXBuildFile; fileRef = DAC137C0283F65EA00DDDD47 /* UITableView+.swift */; };
/* End PBXBuildFile section */

/* Begin PBXContainerItemProxy section */
		DA9925E8283E0DD7004C0FF6 /* PBXContainerItemProxy */ = {
			isa = PBXContainerItemProxy;
			containerPortal = DA9925C9283E0DD5004C0FF6 /* Project object */;
			proxyType = 1;
			remoteGlobalIDString = DA9925D0283E0DD5004C0FF6;
			remoteInfo = Checklists;
		};
		DA9925F2283E0DD7004C0FF6 /* PBXContainerItemProxy */ = {
			isa = PBXContainerItemProxy;
			containerPortal = DA9925C9283E0DD5004C0FF6 /* Project object */;
			proxyType = 1;
			remoteGlobalIDString = DA9925D0283E0DD5004C0FF6;
			remoteInfo = Checklists;
		};
/* End PBXContainerItemProxy section */

/* Begin PBXFileReference section */
		7E0B9A0E2844A57A000E55D4 /* ChecklistItemCoordinator.swift */ = {isa = PBXFileReference; lastKnownFileType = sourcecode.swift; path = ChecklistItemCoordinator.swift; sourceTree = "<group>"; };
		7E0B9A112844B9D8000E55D4 /* GPublisherUIView+.swift */ = {isa = PBXFileReference; lastKnownFileType = sourcecode.swift; path = "GPublisherUIView+.swift"; sourceTree = "<group>"; };
		7E2982B52848EDAC00BD68CF /* NotificationManager.swift */ = {isa = PBXFileReference; lastKnownFileType = sourcecode.swift; path = NotificationManager.swift; sourceTree = "<group>"; };
		7E2982B62848EDAC00BD68CF /* NotificationManagerImpl.swift */ = {isa = PBXFileReference; lastKnownFileType = sourcecode.swift; path = NotificationManagerImpl.swift; sourceTree = "<group>"; };
		7E2982BB284A040800BD68CF /* Array+Extensions.swift */ = {isa = PBXFileReference; lastKnownFileType = sourcecode.swift; path = "Array+Extensions.swift"; sourceTree = "<group>"; };
		7E3287F028438DEC0003AE9E /* CacheManager.swift */ = {isa = PBXFileReference; lastKnownFileType = sourcecode.swift; path = CacheManager.swift; sourceTree = "<group>"; };
		7E3287F128438DEC0003AE9E /* CacheManagerImpl.swift */ = {isa = PBXFileReference; lastKnownFileType = sourcecode.swift; path = CacheManagerImpl.swift; sourceTree = "<group>"; };
		7E3287F428438EBC0003AE9E /* UserDefaultValue.swift */ = {isa = PBXFileReference; lastKnownFileType = sourcecode.swift; path = UserDefaultValue.swift; sourceTree = "<group>"; };
		7E3287FC2843927B0003AE9E /* KeychainValue.swift */ = {isa = PBXFileReference; lastKnownFileType = sourcecode.swift; path = KeychainValue.swift; sourceTree = "<group>"; };
		7E3B956D2844FBBB001211C0 /* DataModel.swift */ = {isa = PBXFileReference; fileEncoding = 4; lastKnownFileType = sourcecode.swift; path = DataModel.swift; sourceTree = "<group>"; };
		7E3B957028454851001211C0 /* IconPickerViewModel.swift */ = {isa = PBXFileReference; lastKnownFileType = sourcecode.swift; path = IconPickerViewModel.swift; sourceTree = "<group>"; };
		7E3B957128454851001211C0 /* IconPickerViewController.swift */ = {isa = PBXFileReference; lastKnownFileType = sourcecode.swift; path = IconPickerViewController.swift; sourceTree = "<group>"; };
		7E3B957228454851001211C0 /* IconPickerViewController.storyboard */ = {isa = PBXFileReference; lastKnownFileType = file.storyboard; path = IconPickerViewController.storyboard; sourceTree = "<group>"; };
		7EA6FA4928473FA600E16DEB /* CustomUINavigationViewModel.swift */ = {isa = PBXFileReference; lastKnownFileType = sourcecode.swift; path = CustomUINavigationViewModel.swift; sourceTree = "<group>"; };
		7EA6FA4A28473FA600E16DEB /* CustomUINavigationViewController.swift */ = {isa = PBXFileReference; lastKnownFileType = sourcecode.swift; path = CustomUINavigationViewController.swift; sourceTree = "<group>"; };
		7EA6FA4B28473FA600E16DEB /* CustomUINavigationViewController.storyboard */ = {isa = PBXFileReference; lastKnownFileType = file.storyboard; path = CustomUINavigationViewController.storyboard; sourceTree = "<group>"; };
		7EA6FA4F284742D700E16DEB /* UINavigationController+.swift */ = {isa = PBXFileReference; lastKnownFileType = sourcecode.swift; path = "UINavigationController+.swift"; sourceTree = "<group>"; };
		7EAC41F12843B760005609F4 /* README.MD */ = {isa = PBXFileReference; fileEncoding = 4; lastKnownFileType = net.daringfireball.markdown; path = README.MD; sourceTree = SOURCE_ROOT; };
		7EE3C3B42841FA44000ED101 /* DependencyManager.swift */ = {isa = PBXFileReference; lastKnownFileType = sourcecode.swift; path = DependencyManager.swift; sourceTree = "<group>"; };
		7EE3C3BB2841FB62000ED101 /* StorageManager.swift */ = {isa = PBXFileReference; lastKnownFileType = sourcecode.swift; path = StorageManager.swift; sourceTree = "<group>"; };
		7EE3C3BC2841FB62000ED101 /* StorageManagerImpl.swift */ = {isa = PBXFileReference; lastKnownFileType = sourcecode.swift; path = StorageManagerImpl.swift; sourceTree = "<group>"; };
		7EE3C3C0284200DC000ED101 /* ChecklistItem.swift */ = {isa = PBXFileReference; lastKnownFileType = sourcecode.swift; path = ChecklistItem.swift; sourceTree = "<group>"; };
		7EE3C3C42842248B000ED101 /* AllListsViewModel.swift */ = {isa = PBXFileReference; lastKnownFileType = sourcecode.swift; path = AllListsViewModel.swift; sourceTree = "<group>"; };
		7EE3C3C52842248B000ED101 /* AllListsViewController.swift */ = {isa = PBXFileReference; lastKnownFileType = sourcecode.swift; path = AllListsViewController.swift; sourceTree = "<group>"; };
		7EE3C3C62842248B000ED101 /* AllListsViewController.storyboard */ = {isa = PBXFileReference; lastKnownFileType = file.storyboard; path = AllListsViewController.storyboard; sourceTree = "<group>"; };
		7EE3C3CA284224E9000ED101 /* ListDetailViewModel.swift */ = {isa = PBXFileReference; lastKnownFileType = sourcecode.swift; path = ListDetailViewModel.swift; sourceTree = "<group>"; };
		7EE3C3CB284224E9000ED101 /* ListDetailViewController.swift */ = {isa = PBXFileReference; lastKnownFileType = sourcecode.swift; path = ListDetailViewController.swift; sourceTree = "<group>"; };
		7EE3C3CC284224E9000ED101 /* ListDetailViewController.storyboard */ = {isa = PBXFileReference; lastKnownFileType = file.storyboard; path = ListDetailViewController.storyboard; sourceTree = "<group>"; };
		7EE3C3D028422539000ED101 /* ListItem.swift */ = {isa = PBXFileReference; lastKnownFileType = sourcecode.swift; path = ListItem.swift; sourceTree = "<group>"; };
		7EE3C3D3284225F0000ED101 /* ListRowTableViewCell.xib */ = {isa = PBXFileReference; lastKnownFileType = file.xib; path = ListRowTableViewCell.xib; sourceTree = "<group>"; };
		7EE3C3D4284225F0000ED101 /* ListRowTableViewCell.swift */ = {isa = PBXFileReference; lastKnownFileType = sourcecode.swift; path = ListRowTableViewCell.swift; sourceTree = "<group>"; };
		7EE3C3D5284225F0000ED101 /* ListRowView.swift */ = {isa = PBXFileReference; lastKnownFileType = sourcecode.swift; path = ListRowView.swift; sourceTree = "<group>"; };
		7EE3C3D6284225F0000ED101 /* ListRowView.xib */ = {isa = PBXFileReference; lastKnownFileType = file.xib; path = ListRowView.xib; sourceTree = "<group>"; };
		7EF05ADD283FDFD900F4873B /* AddChecklistViewModel.swift */ = {isa = PBXFileReference; lastKnownFileType = sourcecode.swift; path = AddChecklistViewModel.swift; sourceTree = "<group>"; };
		7EF05ADE283FDFD900F4873B /* AddChecklistViewController.swift */ = {isa = PBXFileReference; lastKnownFileType = sourcecode.swift; path = AddChecklistViewController.swift; sourceTree = "<group>"; };
		7EF05ADF283FDFD900F4873B /* AddChecklistViewController.storyboard */ = {isa = PBXFileReference; lastKnownFileType = file.storyboard; path = AddChecklistViewController.storyboard; sourceTree = "<group>"; };
		DA9925D1283E0DD5004C0FF6 /* Checklists.app */ = {isa = PBXFileReference; explicitFileType = wrapper.application; includeInIndex = 0; path = Checklists.app; sourceTree = BUILT_PRODUCTS_DIR; };
		DA9925D4283E0DD5004C0FF6 /* AppDelegate.swift */ = {isa = PBXFileReference; lastKnownFileType = sourcecode.swift; path = AppDelegate.swift; sourceTree = "<group>"; };
		DA9925D6283E0DD5004C0FF6 /* SceneDelegate.swift */ = {isa = PBXFileReference; lastKnownFileType = sourcecode.swift; path = SceneDelegate.swift; sourceTree = "<group>"; };
		DA9925DD283E0DD7004C0FF6 /* Assets.xcassets */ = {isa = PBXFileReference; lastKnownFileType = folder.assetcatalog; path = Assets.xcassets; sourceTree = "<group>"; };
		DA9925E0283E0DD7004C0FF6 /* Base */ = {isa = PBXFileReference; lastKnownFileType = file.storyboard; name = Base; path = Base.lproj/LaunchScreen.storyboard; sourceTree = "<group>"; };
		DA9925E2283E0DD7004C0FF6 /* Info.plist */ = {isa = PBXFileReference; lastKnownFileType = text.plist.xml; path = Info.plist; sourceTree = "<group>"; };
		DA9925E7283E0DD7004C0FF6 /* ChecklistsTests.xctest */ = {isa = PBXFileReference; explicitFileType = wrapper.cfbundle; includeInIndex = 0; path = ChecklistsTests.xctest; sourceTree = BUILT_PRODUCTS_DIR; };
		DA9925EB283E0DD7004C0FF6 /* ChecklistsTests.swift */ = {isa = PBXFileReference; lastKnownFileType = sourcecode.swift; path = ChecklistsTests.swift; sourceTree = "<group>"; };
		DA9925F1283E0DD7004C0FF6 /* ChecklistsUITests.xctest */ = {isa = PBXFileReference; explicitFileType = wrapper.cfbundle; includeInIndex = 0; path = ChecklistsUITests.xctest; sourceTree = BUILT_PRODUCTS_DIR; };
		DA9925F5283E0DD7004C0FF6 /* ChecklistsUITests.swift */ = {isa = PBXFileReference; lastKnownFileType = sourcecode.swift; path = ChecklistsUITests.swift; sourceTree = "<group>"; };
		DA9925F7283E0DD7004C0FF6 /* ChecklistsUITestsLaunchTests.swift */ = {isa = PBXFileReference; lastKnownFileType = sourcecode.swift; path = ChecklistsUITestsLaunchTests.swift; sourceTree = "<group>"; };
		DA99260A283E145A004C0FF6 /* UIFont+.swift */ = {isa = PBXFileReference; lastKnownFileType = sourcecode.swift; path = "UIFont+.swift"; sourceTree = "<group>"; };
		DA99260C283E149C004C0FF6 /* UILabel+.swift */ = {isa = PBXFileReference; lastKnownFileType = sourcecode.swift; path = "UILabel+.swift"; sourceTree = "<group>"; };
		DA99260F283E15DB004C0FF6 /* Animator.swift */ = {isa = PBXFileReference; lastKnownFileType = sourcecode.swift; path = Animator.swift; sourceTree = "<group>"; };
		DA992611283E161F004C0FF6 /* CombineTimer.swift */ = {isa = PBXFileReference; lastKnownFileType = sourcecode.swift; path = CombineTimer.swift; sourceTree = "<group>"; };
		DA992613283E1673004C0FF6 /* GesturePublisher.swift */ = {isa = PBXFileReference; lastKnownFileType = sourcecode.swift; path = GesturePublisher.swift; sourceTree = "<group>"; };
		DA99261D283E18AC004C0FF6 /* development.xcconfig */ = {isa = PBXFileReference; lastKnownFileType = text.xcconfig; path = development.xcconfig; sourceTree = "<group>"; };
		DA99261E283E18C7004C0FF6 /* test.xcconfig */ = {isa = PBXFileReference; lastKnownFileType = text.xcconfig; path = test.xcconfig; sourceTree = "<group>"; };
		DA99261F283E18E6004C0FF6 /* production.xcconfig */ = {isa = PBXFileReference; lastKnownFileType = text.xcconfig; path = production.xcconfig; sourceTree = "<group>"; };
		DA992621283E1F53004C0FF6 /* Coordinator.swift */ = {isa = PBXFileReference; lastKnownFileType = sourcecode.swift; path = Coordinator.swift; sourceTree = "<group>"; };
		DA992625283E2165004C0FF6 /* RootCoordinator.swift */ = {isa = PBXFileReference; lastKnownFileType = sourcecode.swift; path = RootCoordinator.swift; sourceTree = "<group>"; };
		DA992629283E223D004C0FF6 /* ChecklistCoordinator.swift */ = {isa = PBXFileReference; lastKnownFileType = sourcecode.swift; path = ChecklistCoordinator.swift; sourceTree = "<group>"; };
		DA99262C283E26CF004C0FF6 /* .swiftlint.yml */ = {isa = PBXFileReference; fileEncoding = 4; lastKnownFileType = text.yaml; path = .swiftlint.yml; sourceTree = SOURCE_ROOT; };
		DA99262E283E274C004C0FF6 /* swiftgen.yml */ = {isa = PBXFileReference; fileEncoding = 4; lastKnownFileType = text.yaml; path = swiftgen.yml; sourceTree = SOURCE_ROOT; };
		DA992634283E28FB004C0FF6 /* en */ = {isa = PBXFileReference; lastKnownFileType = text.plist.strings; name = en; path = Localizable.strings; sourceTree = "<group>"; };
		DA992636283E2B03004C0FF6 /* Assets.swift */ = {isa = PBXFileReference; fileEncoding = 4; lastKnownFileType = sourcecode.swift; path = Assets.swift; sourceTree = "<group>"; };
		DA992637283E2B03004C0FF6 /* Localizable.swift */ = {isa = PBXFileReference; fileEncoding = 4; lastKnownFileType = sourcecode.swift; path = Localizable.swift; sourceTree = "<group>"; };
		DA99263A283E4F67004C0FF6 /* Instantiable+.swift */ = {isa = PBXFileReference; lastKnownFileType = sourcecode.swift; path = "Instantiable+.swift"; sourceTree = "<group>"; };
		DA99263F283E5213004C0FF6 /* BaseUIViewController.swift */ = {isa = PBXFileReference; lastKnownFileType = sourcecode.swift; path = BaseUIViewController.swift; sourceTree = "<group>"; };
		DA992641283E5225004C0FF6 /* BaseUITableViewController.swift */ = {isa = PBXFileReference; lastKnownFileType = sourcecode.swift; path = BaseUITableViewController.swift; sourceTree = "<group>"; };
		DA992644283E52EF004C0FF6 /* ChecklistViewModel.swift */ = {isa = PBXFileReference; lastKnownFileType = sourcecode.swift; path = ChecklistViewModel.swift; sourceTree = "<group>"; };
		DA992645283E52EF004C0FF6 /* ChecklistViewController.swift */ = {isa = PBXFileReference; lastKnownFileType = sourcecode.swift; path = ChecklistViewController.swift; sourceTree = "<group>"; };
		DA992646283E52EF004C0FF6 /* ChecklistViewController.storyboard */ = {isa = PBXFileReference; lastKnownFileType = file.storyboard; path = ChecklistViewController.storyboard; sourceTree = "<group>"; };
		DAC1379D283E97EF00DDDD47 /* ShrinkCell.swift */ = {isa = PBXFileReference; lastKnownFileType = sourcecode.swift; path = ShrinkCell.swift; sourceTree = "<group>"; };
		DAC137A9283E9B0900DDDD47 /* SeparatorRowTableViewCell.xib */ = {isa = PBXFileReference; lastKnownFileType = file.xib; path = SeparatorRowTableViewCell.xib; sourceTree = "<group>"; };
		DAC137AA283E9B0900DDDD47 /* SeparatorRowTableViewCell.swift */ = {isa = PBXFileReference; lastKnownFileType = sourcecode.swift; path = SeparatorRowTableViewCell.swift; sourceTree = "<group>"; };
		DAC137AB283E9B0A00DDDD47 /* SeparatorRowView.swift */ = {isa = PBXFileReference; lastKnownFileType = sourcecode.swift; path = SeparatorRowView.swift; sourceTree = "<group>"; };
		DAC137AC283E9B0A00DDDD47 /* SeparatorRowView.xib */ = {isa = PBXFileReference; lastKnownFileType = file.xib; path = SeparatorRowView.xib; sourceTree = "<group>"; };
		DAC137B1283E9B3F00DDDD47 /* ChecklistRowView.xib */ = {isa = PBXFileReference; fileEncoding = 4; lastKnownFileType = file.xib; name = ChecklistRowView.xib; path = Checklists/View/Components/ChecklistRow/ChecklistRowView.xib; sourceTree = SOURCE_ROOT; };
		DAC137B2283E9B3F00DDDD47 /* ChecklistRowTableViewCell.swift */ = {isa = PBXFileReference; fileEncoding = 4; lastKnownFileType = sourcecode.swift; name = ChecklistRowTableViewCell.swift; path = Checklists/View/Components/ChecklistRow/ChecklistRowTableViewCell.swift; sourceTree = SOURCE_ROOT; };
		DAC137B3283E9B3F00DDDD47 /* ChecklistRowTableViewCell.xib */ = {isa = PBXFileReference; fileEncoding = 4; lastKnownFileType = file.xib; name = ChecklistRowTableViewCell.xib; path = Checklists/View/Components/ChecklistRow/ChecklistRowTableViewCell.xib; sourceTree = SOURCE_ROOT; };
		DAC137B4283E9B3F00DDDD47 /* ChecklistRowView.swift */ = {isa = PBXFileReference; fileEncoding = 4; lastKnownFileType = sourcecode.swift; name = ChecklistRowView.swift; path = Checklists/View/Components/ChecklistRow/ChecklistRowView.swift; sourceTree = SOURCE_ROOT; };
		DAC137BA283E9C0700DDDD47 /* ReusableNibView.swift */ = {isa = PBXFileReference; lastKnownFileType = sourcecode.swift; path = ReusableNibView.swift; sourceTree = "<group>"; };
		DAC137BC283E9C4800DDDD47 /* UIView+.swift */ = {isa = PBXFileReference; lastKnownFileType = sourcecode.swift; path = "UIView+.swift"; sourceTree = "<group>"; };
		DAC137BE283F5B6F00DDDD47 /* ShadowView.swift */ = {isa = PBXFileReference; lastKnownFileType = sourcecode.swift; path = ShadowView.swift; sourceTree = "<group>"; };
		DAC137C0283F65EA00DDDD47 /* UITableView+.swift */ = {isa = PBXFileReference; lastKnownFileType = sourcecode.swift; path = "UITableView+.swift"; sourceTree = "<group>"; };
/* End PBXFileReference section */

/* Begin PBXFrameworksBuildPhase section */
		DA9925CE283E0DD5004C0FF6 /* Frameworks */ = {
			isa = PBXFrameworksBuildPhase;
			buildActionMask = 2147483647;
			files = (
				7E328800284394560003AE9E /* KeychainSwift in Frameworks */,
				7E3287F828438F6C0003AE9E /* CombineExt in Frameworks */,
			);
			runOnlyForDeploymentPostprocessing = 0;
		};
		DA9925E4283E0DD7004C0FF6 /* Frameworks */ = {
			isa = PBXFrameworksBuildPhase;
			buildActionMask = 2147483647;
			files = (
			);
			runOnlyForDeploymentPostprocessing = 0;
		};
		DA9925EE283E0DD7004C0FF6 /* Frameworks */ = {
			isa = PBXFrameworksBuildPhase;
			buildActionMask = 2147483647;
			files = (
			);
			runOnlyForDeploymentPostprocessing = 0;
		};
/* End PBXFrameworksBuildPhase section */

/* Begin PBXGroup section */
		7E0B9A102844B9BB000E55D4 /* GesturePublisher */ = {
			isa = PBXGroup;
			children = (
				DA992613283E1673004C0FF6 /* GesturePublisher.swift */,
				7E0B9A112844B9D8000E55D4 /* GPublisherUIView+.swift */,
			);
			path = GesturePublisher;
			sourceTree = "<group>";
		};
		7E2982B42848ED8F00BD68CF /* NotificationManager */ = {
			isa = PBXGroup;
			children = (
				7E2982B52848EDAC00BD68CF /* NotificationManager.swift */,
				7E2982B62848EDAC00BD68CF /* NotificationManagerImpl.swift */,
			);
			path = NotificationManager;
			sourceTree = "<group>";
		};
		7E3287EF28438D0E0003AE9E /* CacheManager */ = {
			isa = PBXGroup;
			children = (
				7E3287F028438DEC0003AE9E /* CacheManager.swift */,
				7E3287F128438DEC0003AE9E /* CacheManagerImpl.swift */,
				7E3287F428438EBC0003AE9E /* UserDefaultValue.swift */,
				7E3287FC2843927B0003AE9E /* KeychainValue.swift */,
			);
			path = CacheManager;
			sourceTree = "<group>";
		};
		7E3B956F28454825001211C0 /* IconPicker */ = {
			isa = PBXGroup;
			children = (
				7E3B957028454851001211C0 /* IconPickerViewModel.swift */,
				7E3B957128454851001211C0 /* IconPickerViewController.swift */,
				7E3B957228454851001211C0 /* IconPickerViewController.storyboard */,
			);
			path = IconPicker;
			sourceTree = "<group>";
		};
		7EA6FA4828473F6600E16DEB /* NavigationController */ = {
			isa = PBXGroup;
			children = (
				7EA6FA4928473FA600E16DEB /* CustomUINavigationViewModel.swift */,
				7EA6FA4A28473FA600E16DEB /* CustomUINavigationViewController.swift */,
				7EA6FA4B28473FA600E16DEB /* CustomUINavigationViewController.storyboard */,
			);
			path = NavigationController;
			sourceTree = "<group>";
		};
		7EE3C3B32841FA21000ED101 /* Manager */ = {
			isa = PBXGroup;
			children = (
				7E2982B42848ED8F00BD68CF /* NotificationManager */,
				7EE3C3B42841FA44000ED101 /* DependencyManager.swift */,
				7E3287EF28438D0E0003AE9E /* CacheManager */,
				7EE3C3B62841FA8A000ED101 /* StorageManager */,
			);
			path = Manager;
			sourceTree = "<group>";
		};
		7EE3C3B62841FA8A000ED101 /* StorageManager */ = {
			isa = PBXGroup;
			children = (
				7EE3C3BB2841FB62000ED101 /* StorageManager.swift */,
				7EE3C3BC2841FB62000ED101 /* StorageManagerImpl.swift */,
			);
			path = StorageManager;
			sourceTree = "<group>";
		};
		7EE3C3BF2841FC01000ED101 /* Model */ = {
			isa = PBXGroup;
			children = (
				7E3B956D2844FBBB001211C0 /* DataModel.swift */,
				7EE3C3C0284200DC000ED101 /* ChecklistItem.swift */,
				7EE3C3D028422539000ED101 /* ListItem.swift */,
			);
			path = Model;
			sourceTree = "<group>";
		};
		7EE3C3C2284221D8000ED101 /* AllLists */ = {
			isa = PBXGroup;
			children = (
				7EE3C3C42842248B000ED101 /* AllListsViewModel.swift */,
				7EE3C3C52842248B000ED101 /* AllListsViewController.swift */,
				7EE3C3C62842248B000ED101 /* AllListsViewController.storyboard */,
			);
			path = AllLists;
			sourceTree = "<group>";
		};
		7EE3C3C32842221C000ED101 /* ListDetail */ = {
			isa = PBXGroup;
			children = (
				7EE3C3CA284224E9000ED101 /* ListDetailViewModel.swift */,
				7EE3C3CB284224E9000ED101 /* ListDetailViewController.swift */,
				7EE3C3CC284224E9000ED101 /* ListDetailViewController.storyboard */,
			);
			path = ListDetail;
			sourceTree = "<group>";
		};
		7EE3C3D2284225B0000ED101 /* ListRow */ = {
			isa = PBXGroup;
			children = (
				7EE3C3D3284225F0000ED101 /* ListRowTableViewCell.xib */,
				7EE3C3D4284225F0000ED101 /* ListRowTableViewCell.swift */,
				7EE3C3D5284225F0000ED101 /* ListRowView.swift */,
				7EE3C3D6284225F0000ED101 /* ListRowView.xib */,
			);
			path = ListRow;
			sourceTree = "<group>";
		};
		7EF05ADC283FDFA900F4873B /* ChecklistDetail */ = {
			isa = PBXGroup;
			children = (
				7EF05ADD283FDFD900F4873B /* AddChecklistViewModel.swift */,
				7EF05ADE283FDFD900F4873B /* AddChecklistViewController.swift */,
				7EF05ADF283FDFD900F4873B /* AddChecklistViewController.storyboard */,
			);
			path = ChecklistDetail;
			sourceTree = "<group>";
		};
		DA9925C8283E0DD5004C0FF6 = {
			isa = PBXGroup;
			children = (
				DA9925D3283E0DD5004C0FF6 /* Checklists */,
				DA9925EA283E0DD7004C0FF6 /* ChecklistsTests */,
				DA9925F4283E0DD7004C0FF6 /* ChecklistsUITests */,
				DA9925D2283E0DD5004C0FF6 /* Products */,
			);
			sourceTree = "<group>";
		};
		DA9925D2283E0DD5004C0FF6 /* Products */ = {
			isa = PBXGroup;
			children = (
				DA9925D1283E0DD5004C0FF6 /* Checklists.app */,
				DA9925E7283E0DD7004C0FF6 /* ChecklistsTests.xctest */,
				DA9925F1283E0DD7004C0FF6 /* ChecklistsUITests.xctest */,
			);
			name = Products;
			sourceTree = "<group>";
		};
		DA9925D3283E0DD5004C0FF6 /* Checklists */ = {
			isa = PBXGroup;
			children = (
				DA992604283E10C6004C0FF6 /* Application */,
				DA992620283E1EB7004C0FF6 /* Coordinator */,
				7EE3C3B32841FA21000ED101 /* Manager */,
				7EE3C3BF2841FC01000ED101 /* Model */,
				DA992616283E174E004C0FF6 /* Resource */,
				DA992615283E171A004C0FF6 /* Scene */,
				DAC1379B283E973100DDDD47 /* View */,
			);
			path = Checklists;
			sourceTree = "<group>";
		};
		DA9925EA283E0DD7004C0FF6 /* ChecklistsTests */ = {
			isa = PBXGroup;
			children = (
				DA9925EB283E0DD7004C0FF6 /* ChecklistsTests.swift */,
			);
			path = ChecklistsTests;
			sourceTree = "<group>";
		};
		DA9925F4283E0DD7004C0FF6 /* ChecklistsUITests */ = {
			isa = PBXGroup;
			children = (
				DA9925F5283E0DD7004C0FF6 /* ChecklistsUITests.swift */,
				DA9925F7283E0DD7004C0FF6 /* ChecklistsUITestsLaunchTests.swift */,
			);
			path = ChecklistsUITests;
			sourceTree = "<group>";
		};
		DA992604283E10C6004C0FF6 /* Application */ = {
			isa = PBXGroup;
			children = (
				DA99261C283E1869004C0FF6 /* Configuration */,
				DA992609283E132A004C0FF6 /* Extension */,
				DA99260E283E15C4004C0FF6 /* Helpers */,
				DA9925D4283E0DD5004C0FF6 /* AppDelegate.swift */,
				DA992621283E1F53004C0FF6 /* Coordinator.swift */,
				DA9925D6283E0DD5004C0FF6 /* SceneDelegate.swift */,
				DA9925E2283E0DD7004C0FF6 /* Info.plist */,
			);
			path = Application;
			sourceTree = "<group>";
		};
		DA992609283E132A004C0FF6 /* Extension */ = {
			isa = PBXGroup;
			children = (
				DA99260A283E145A004C0FF6 /* UIFont+.swift */,
				DA99260C283E149C004C0FF6 /* UILabel+.swift */,
				DA99263A283E4F67004C0FF6 /* Instantiable+.swift */,
				7EA6FA4F284742D700E16DEB /* UINavigationController+.swift */,
				7E2982BB284A040800BD68CF /* Array+Extensions.swift */,
			);
			path = Extension;
			sourceTree = "<group>";
		};
		DA99260E283E15C4004C0FF6 /* Helpers */ = {
			isa = PBXGroup;
			children = (
				7E0B9A102844B9BB000E55D4 /* GesturePublisher */,
				DA99260F283E15DB004C0FF6 /* Animator.swift */,
				DA992611283E161F004C0FF6 /* CombineTimer.swift */,
			);
			path = Helpers;
			sourceTree = "<group>";
		};
		DA992615283E171A004C0FF6 /* Scene */ = {
			isa = PBXGroup;
			children = (
				7E3B956F28454825001211C0 /* IconPicker */,
				DA99263E283E51F0004C0FF6 /* Base */,
				7EE3C3C2284221D8000ED101 /* AllLists */,
				7EF05ADC283FDFA900F4873B /* ChecklistDetail */,
				DA992643283E52CD004C0FF6 /* Checklists */,
				7EE3C3C32842221C000ED101 /* ListDetail */,
			);
			path = Scene;
			sourceTree = "<group>";
		};
		DA992616283E174E004C0FF6 /* Resource */ = {
			isa = PBXGroup;
			children = (
				7EAC41F12843B760005609F4 /* README.MD */,
				DA9925DD283E0DD7004C0FF6 /* Assets.xcassets */,
				DA99262C283E26CF004C0FF6 /* .swiftlint.yml */,
				DA99262E283E274C004C0FF6 /* swiftgen.yml */,
				DA992632283E28FB004C0FF6 /* en.lproj */,
				DA992630283E27AF004C0FF6 /* Generated */,
				DA992617283E1767004C0FF6 /* LaunchScreen */,
			);
			path = Resource;
			sourceTree = "<group>";
		};
		DA992617283E1767004C0FF6 /* LaunchScreen */ = {
			isa = PBXGroup;
			children = (
				DA9925DF283E0DD7004C0FF6 /* LaunchScreen.storyboard */,
			);
			path = LaunchScreen;
			sourceTree = "<group>";
		};
		DA99261C283E1869004C0FF6 /* Configuration */ = {
			isa = PBXGroup;
			children = (
				DA99261D283E18AC004C0FF6 /* development.xcconfig */,
				DA99261E283E18C7004C0FF6 /* test.xcconfig */,
				DA99261F283E18E6004C0FF6 /* production.xcconfig */,
			);
			path = Configuration;
			sourceTree = "<group>";
		};
		DA992620283E1EB7004C0FF6 /* Coordinator */ = {
			isa = PBXGroup;
			children = (
				DA992625283E2165004C0FF6 /* RootCoordinator.swift */,
				DA992627283E2212004C0FF6 /* Authenticated */,
				DA992628283E221D004C0FF6 /* UnAuthenticated */,
			);
			path = Coordinator;
			sourceTree = "<group>";
		};
		DA992627283E2212004C0FF6 /* Authenticated */ = {
			isa = PBXGroup;
			children = (
				DA992629283E223D004C0FF6 /* ChecklistCoordinator.swift */,
				7E0B9A0E2844A57A000E55D4 /* ChecklistItemCoordinator.swift */,
			);
			path = Authenticated;
			sourceTree = "<group>";
		};
		DA992628283E221D004C0FF6 /* UnAuthenticated */ = {
			isa = PBXGroup;
			children = (
			);
			path = UnAuthenticated;
			sourceTree = "<group>";
		};
		DA992630283E27AF004C0FF6 /* Generated */ = {
			isa = PBXGroup;
			children = (
				DA992636283E2B03004C0FF6 /* Assets.swift */,
				DA992637283E2B03004C0FF6 /* Localizable.swift */,
			);
			path = Generated;
			sourceTree = "<group>";
		};
		DA992632283E28FB004C0FF6 /* en.lproj */ = {
			isa = PBXGroup;
			children = (
				DA992633283E28FB004C0FF6 /* Localizable.strings */,
			);
			path = en.lproj;
			sourceTree = "<group>";
		};
		DA99263E283E51F0004C0FF6 /* Base */ = {
			isa = PBXGroup;
			children = (
				DA99263F283E5213004C0FF6 /* BaseUIViewController.swift */,
				DA992641283E5225004C0FF6 /* BaseUITableViewController.swift */,
			);
			path = Base;
			sourceTree = "<group>";
		};
		DA992643283E52CD004C0FF6 /* Checklists */ = {
			isa = PBXGroup;
			children = (
				DA992644283E52EF004C0FF6 /* ChecklistViewModel.swift */,
				DA992645283E52EF004C0FF6 /* ChecklistViewController.swift */,
				DA992646283E52EF004C0FF6 /* ChecklistViewController.storyboard */,
			);
			path = Checklists;
			sourceTree = "<group>";
		};
		DAC1379B283E973100DDDD47 /* View */ = {
			isa = PBXGroup;
			children = (
				DAC1379C283E973E00DDDD47 /* Components */,
				DAC137B9283E9BE700DDDD47 /* UIKit */,
				DAC1379D283E97EF00DDDD47 /* ShrinkCell.swift */,
				DAC137BE283F5B6F00DDDD47 /* ShadowView.swift */,
			);
			path = View;
			sourceTree = "<group>";
		};
		DAC1379C283E973E00DDDD47 /* Components */ = {
			isa = PBXGroup;
			children = (
				7EA6FA4828473F6600E16DEB /* NavigationController */,
				DAC1379F283E98CA00DDDD47 /* ChecklistRow */,
				7EE3C3D2284225B0000ED101 /* ListRow */,
				DAC137A8283E9ACF00DDDD47 /* Separator */,
			);
			path = Components;
			sourceTree = "<group>";
		};
		DAC1379F283E98CA00DDDD47 /* ChecklistRow */ = {
			isa = PBXGroup;
			children = (
				DAC137B2283E9B3F00DDDD47 /* ChecklistRowTableViewCell.swift */,
				DAC137B3283E9B3F00DDDD47 /* ChecklistRowTableViewCell.xib */,
				DAC137B4283E9B3F00DDDD47 /* ChecklistRowView.swift */,
				DAC137B1283E9B3F00DDDD47 /* ChecklistRowView.xib */,
			);
			path = ChecklistRow;
			sourceTree = "<group>";
		};
		DAC137A8283E9ACF00DDDD47 /* Separator */ = {
			isa = PBXGroup;
			children = (
				DAC137A9283E9B0900DDDD47 /* SeparatorRowTableViewCell.xib */,
				DAC137AA283E9B0900DDDD47 /* SeparatorRowTableViewCell.swift */,
				DAC137AB283E9B0A00DDDD47 /* SeparatorRowView.swift */,
				DAC137AC283E9B0A00DDDD47 /* SeparatorRowView.xib */,
			);
			path = Separator;
			sourceTree = "<group>";
		};
		DAC137B9283E9BE700DDDD47 /* UIKit */ = {
			isa = PBXGroup;
			children = (
				DAC137BA283E9C0700DDDD47 /* ReusableNibView.swift */,
				DAC137BC283E9C4800DDDD47 /* UIView+.swift */,
				DAC137C0283F65EA00DDDD47 /* UITableView+.swift */,
			);
			path = UIKit;
			sourceTree = "<group>";
		};
/* End PBXGroup section */

/* Begin PBXNativeTarget section */
		DA9925D0283E0DD5004C0FF6 /* Checklists */ = {
			isa = PBXNativeTarget;
			buildConfigurationList = DA9925FB283E0DD7004C0FF6 /* Build configuration list for PBXNativeTarget "Checklists" */;
			buildPhases = (
				DA992631283E286B004C0FF6 /* Swift Gen */,
				DA9925CD283E0DD5004C0FF6 /* Sources */,
				DA9925CE283E0DD5004C0FF6 /* Frameworks */,
				DA9925CF283E0DD5004C0FF6 /* Resources */,
				DA99262B283E2322004C0FF6 /* SwiftLint */,
			);
			buildRules = (
			);
			dependencies = (
			);
			name = Checklists;
			packageProductDependencies = (
				7E3287F728438F6C0003AE9E /* CombineExt */,
				7E3287FF284394560003AE9E /* KeychainSwift */,
			);
			productName = Checklists;
			productReference = DA9925D1283E0DD5004C0FF6 /* Checklists.app */;
			productType = "com.apple.product-type.application";
		};
		DA9925E6283E0DD7004C0FF6 /* ChecklistsTests */ = {
			isa = PBXNativeTarget;
			buildConfigurationList = DA9925FE283E0DD7004C0FF6 /* Build configuration list for PBXNativeTarget "ChecklistsTests" */;
			buildPhases = (
				DA9925E3283E0DD7004C0FF6 /* Sources */,
				DA9925E4283E0DD7004C0FF6 /* Frameworks */,
				DA9925E5283E0DD7004C0FF6 /* Resources */,
			);
			buildRules = (
			);
			dependencies = (
				DA9925E9283E0DD7004C0FF6 /* PBXTargetDependency */,
			);
			name = ChecklistsTests;
			productName = ChecklistsTests;
			productReference = DA9925E7283E0DD7004C0FF6 /* ChecklistsTests.xctest */;
			productType = "com.apple.product-type.bundle.unit-test";
		};
		DA9925F0283E0DD7004C0FF6 /* ChecklistsUITests */ = {
			isa = PBXNativeTarget;
			buildConfigurationList = DA992601283E0DD7004C0FF6 /* Build configuration list for PBXNativeTarget "ChecklistsUITests" */;
			buildPhases = (
				DA9925ED283E0DD7004C0FF6 /* Sources */,
				DA9925EE283E0DD7004C0FF6 /* Frameworks */,
				DA9925EF283E0DD7004C0FF6 /* Resources */,
			);
			buildRules = (
			);
			dependencies = (
				DA9925F3283E0DD7004C0FF6 /* PBXTargetDependency */,
			);
			name = ChecklistsUITests;
			productName = ChecklistsUITests;
			productReference = DA9925F1283E0DD7004C0FF6 /* ChecklistsUITests.xctest */;
			productType = "com.apple.product-type.bundle.ui-testing";
		};
/* End PBXNativeTarget section */

/* Begin PBXProject section */
		DA9925C9283E0DD5004C0FF6 /* Project object */ = {
			isa = PBXProject;
			attributes = {
				BuildIndependentTargetsInParallel = 1;
				LastSwiftUpdateCheck = 1310;
				LastUpgradeCheck = 1310;
				TargetAttributes = {
					DA9925D0283E0DD5004C0FF6 = {
						CreatedOnToolsVersion = 13.1;
					};
					DA9925E6283E0DD7004C0FF6 = {
						CreatedOnToolsVersion = 13.1;
						TestTargetID = DA9925D0283E0DD5004C0FF6;
					};
					DA9925F0283E0DD7004C0FF6 = {
						CreatedOnToolsVersion = 13.1;
						TestTargetID = DA9925D0283E0DD5004C0FF6;
					};
				};
			};
			buildConfigurationList = DA9925CC283E0DD5004C0FF6 /* Build configuration list for PBXProject "Checklists" */;
			compatibilityVersion = "Xcode 13.0";
			developmentRegion = en;
			hasScannedForEncodings = 0;
			knownRegions = (
				en,
				Base,
			);
			mainGroup = DA9925C8283E0DD5004C0FF6;
			packageReferences = (
				7E3287F628438F6C0003AE9E /* XCRemoteSwiftPackageReference "CombineExt" */,
				7E3287FE284394560003AE9E /* XCRemoteSwiftPackageReference "keychain-swift" */,
			);
			productRefGroup = DA9925D2283E0DD5004C0FF6 /* Products */;
			projectDirPath = "";
			projectRoot = "";
			targets = (
				DA9925D0283E0DD5004C0FF6 /* Checklists */,
				DA9925E6283E0DD7004C0FF6 /* ChecklistsTests */,
				DA9925F0283E0DD7004C0FF6 /* ChecklistsUITests */,
			);
		};
/* End PBXProject section */

/* Begin PBXResourcesBuildPhase section */
		DA9925CF283E0DD5004C0FF6 /* Resources */ = {
			isa = PBXResourcesBuildPhase;
			buildActionMask = 2147483647;
			files = (
				7EE3C3D7284225F0000ED101 /* ListRowTableViewCell.xib in Resources */,
				DA99262D283E26CF004C0FF6 /* .swiftlint.yml in Resources */,
				DA992635283E28FB004C0FF6 /* Localizable.strings in Resources */,
				DAC137B5283E9B3F00DDDD47 /* ChecklistRowView.xib in Resources */,
				7EA6FA4E28473FA600E16DEB /* CustomUINavigationViewController.storyboard in Resources */,
				7EE3C3DA284225F0000ED101 /* ListRowView.xib in Resources */,
				DAC137B0283E9B0A00DDDD47 /* SeparatorRowView.xib in Resources */,
				7EAC41F22843B760005609F4 /* README.MD in Resources */,
				7E3B957528454851001211C0 /* IconPickerViewController.storyboard in Resources */,
				DA992649283E52EF004C0FF6 /* ChecklistViewController.storyboard in Resources */,
				DAC137B7283E9B3F00DDDD47 /* ChecklistRowTableViewCell.xib in Resources */,
				DA99262F283E274C004C0FF6 /* swiftgen.yml in Resources */,
				DAC137AD283E9B0A00DDDD47 /* SeparatorRowTableViewCell.xib in Resources */,
				7EE3C3CF284224E9000ED101 /* ListDetailViewController.storyboard in Resources */,
				DA9925E1283E0DD7004C0FF6 /* LaunchScreen.storyboard in Resources */,
				7EE3C3C92842248B000ED101 /* AllListsViewController.storyboard in Resources */,
				DA9925DE283E0DD7004C0FF6 /* Assets.xcassets in Resources */,
				7EF05AE2283FDFD900F4873B /* AddChecklistViewController.storyboard in Resources */,
			);
			runOnlyForDeploymentPostprocessing = 0;
		};
		DA9925E5283E0DD7004C0FF6 /* Resources */ = {
			isa = PBXResourcesBuildPhase;
			buildActionMask = 2147483647;
			files = (
			);
			runOnlyForDeploymentPostprocessing = 0;
		};
		DA9925EF283E0DD7004C0FF6 /* Resources */ = {
			isa = PBXResourcesBuildPhase;
			buildActionMask = 2147483647;
			files = (
			);
			runOnlyForDeploymentPostprocessing = 0;
		};
/* End PBXResourcesBuildPhase section */

/* Begin PBXShellScriptBuildPhase section */
		DA99262B283E2322004C0FF6 /* SwiftLint */ = {
			isa = PBXShellScriptBuildPhase;
			buildActionMask = 2147483647;
			files = (
			);
			inputFileListPaths = (
			);
			inputPaths = (
			);
			name = SwiftLint;
			outputFileListPaths = (
			);
			outputPaths = (
			);
			runOnlyForDeploymentPostprocessing = 0;
			shellPath = /bin/sh;
			shellScript = "\"${PROJECT_DIR}/scripts/swiftlint/swiftlint\"\n";
		};
		DA992631283E286B004C0FF6 /* Swift Gen */ = {
			isa = PBXShellScriptBuildPhase;
			buildActionMask = 2147483647;
			files = (
			);
			inputFileListPaths = (
			);
			inputPaths = (
			);
			name = "Swift Gen";
			outputFileListPaths = (
			);
			outputPaths = (
			);
			runOnlyForDeploymentPostprocessing = 0;
			shellPath = /bin/sh;
			shellScript = "# Type a script or drag a script file from your workspace to insert its path.\n\"${PROJECT_DIR}/scripts/swiftgen/bin/swiftgen\"\n";
		};
/* End PBXShellScriptBuildPhase section */

/* Begin PBXSourcesBuildPhase section */
		DA9925CD283E0DD5004C0FF6 /* Sources */ = {
			isa = PBXSourcesBuildPhase;
			buildActionMask = 2147483647;
			files = (
				7E3287FD2843927B0003AE9E /* KeychainValue.swift in Sources */,
				7EE3C3D128422539000ED101 /* ListItem.swift in Sources */,
				DA99262A283E223D004C0FF6 /* ChecklistCoordinator.swift in Sources */,
				7E3B957328454851001211C0 /* IconPickerViewModel.swift in Sources */,
				7EE3C3B52841FA44000ED101 /* DependencyManager.swift in Sources */,
				DA992610283E15DB004C0FF6 /* Animator.swift in Sources */,
				7E2982B72848EDAC00BD68CF /* NotificationManager.swift in Sources */,
				DA992638283E2B03004C0FF6 /* Assets.swift in Sources */,
				DAC137AF283E9B0A00DDDD47 /* SeparatorRowView.swift in Sources */,
				DA992648283E52EF004C0FF6 /* ChecklistViewController.swift in Sources */,
				DA992647283E52EF004C0FF6 /* ChecklistViewModel.swift in Sources */,
				DA99263B283E4F67004C0FF6 /* Instantiable+.swift in Sources */,
				7EA6FA4D28473FA600E16DEB /* CustomUINavigationViewController.swift in Sources */,
				DAC137C1283F65EA00DDDD47 /* UITableView+.swift in Sources */,
				7EE3C3D8284225F0000ED101 /* ListRowTableViewCell.swift in Sources */,
				DA992640283E5213004C0FF6 /* BaseUIViewController.swift in Sources */,
				7EF05AE0283FDFD900F4873B /* AddChecklistViewModel.swift in Sources */,
				7E3B957428454851001211C0 /* IconPickerViewController.swift in Sources */,
				7EA6FA50284742D700E16DEB /* UINavigationController+.swift in Sources */,
				7E2982BC284A040800BD68CF /* Array+Extensions.swift in Sources */,
				DA99260B283E145A004C0FF6 /* UIFont+.swift in Sources */,
				7EE3C3C72842248B000ED101 /* AllListsViewModel.swift in Sources */,
				DAC1379E283E97EF00DDDD47 /* ShrinkCell.swift in Sources */,
				DA992626283E2165004C0FF6 /* RootCoordinator.swift in Sources */,
				7EE3C3CE284224E9000ED101 /* ListDetailViewController.swift in Sources */,
				7EE3C3CD284224E9000ED101 /* ListDetailViewModel.swift in Sources */,
				DA992612283E161F004C0FF6 /* CombineTimer.swift in Sources */,
				DAC137BD283E9C4800DDDD47 /* UIView+.swift in Sources */,
				7E0B9A0F2844A57A000E55D4 /* ChecklistItemCoordinator.swift in Sources */,
				DA99260D283E149C004C0FF6 /* UILabel+.swift in Sources */,
				7E0B9A122844B9D8000E55D4 /* GPublisherUIView+.swift in Sources */,
				DAC137BF283F5B6F00DDDD47 /* ShadowView.swift in Sources */,
				DA992642283E5225004C0FF6 /* BaseUITableViewController.swift in Sources */,
				DA9925D5283E0DD5004C0FF6 /* AppDelegate.swift in Sources */,
				DAC137AE283E9B0A00DDDD47 /* SeparatorRowTableViewCell.swift in Sources */,
				DA992614283E1673004C0FF6 /* GesturePublisher.swift in Sources */,
				DA9925D7283E0DD5004C0FF6 /* SceneDelegate.swift in Sources */,
				7EA6FA4C28473FA600E16DEB /* CustomUINavigationViewModel.swift in Sources */,
				7E3287F528438EBC0003AE9E /* UserDefaultValue.swift in Sources */,
				7EE3C3C1284200DC000ED101 /* ChecklistItem.swift in Sources */,
				7E2982B82848EDAC00BD68CF /* NotificationManagerImpl.swift in Sources */,
				DAC137B6283E9B3F00DDDD47 /* ChecklistRowTableViewCell.swift in Sources */,
				7EE3C3C82842248B000ED101 /* AllListsViewController.swift in Sources */,
				DA992639283E2B03004C0FF6 /* Localizable.swift in Sources */,
				7EE3C3D9284225F0000ED101 /* ListRowView.swift in Sources */,
				DAC137B8283E9B3F00DDDD47 /* ChecklistRowView.swift in Sources */,
				DA992622283E1F53004C0FF6 /* Coordinator.swift in Sources */,
				7EE3C3BE2841FB62000ED101 /* StorageManagerImpl.swift in Sources */,
				7E3287F228438DEC0003AE9E /* CacheManager.swift in Sources */,
				7E3287F328438DEC0003AE9E /* CacheManagerImpl.swift in Sources */,
				7EE3C3BD2841FB62000ED101 /* StorageManager.swift in Sources */,
				7EF05AE1283FDFD900F4873B /* AddChecklistViewController.swift in Sources */,
				DAC137BB283E9C0700DDDD47 /* ReusableNibView.swift in Sources */,
				7E3B956E2844FBBB001211C0 /* DataModel.swift in Sources */,
			);
			runOnlyForDeploymentPostprocessing = 0;
		};
		DA9925E3283E0DD7004C0FF6 /* Sources */ = {
			isa = PBXSourcesBuildPhase;
			buildActionMask = 2147483647;
			files = (
				DA9925EC283E0DD7004C0FF6 /* ChecklistsTests.swift in Sources */,
			);
			runOnlyForDeploymentPostprocessing = 0;
		};
		DA9925ED283E0DD7004C0FF6 /* Sources */ = {
			isa = PBXSourcesBuildPhase;
			buildActionMask = 2147483647;
			files = (
				DA9925F6283E0DD7004C0FF6 /* ChecklistsUITests.swift in Sources */,
				DA9925F8283E0DD7004C0FF6 /* ChecklistsUITestsLaunchTests.swift in Sources */,
			);
			runOnlyForDeploymentPostprocessing = 0;
		};
/* End PBXSourcesBuildPhase section */

/* Begin PBXTargetDependency section */
		DA9925E9283E0DD7004C0FF6 /* PBXTargetDependency */ = {
			isa = PBXTargetDependency;
			target = DA9925D0283E0DD5004C0FF6 /* Checklists */;
			targetProxy = DA9925E8283E0DD7004C0FF6 /* PBXContainerItemProxy */;
		};
		DA9925F3283E0DD7004C0FF6 /* PBXTargetDependency */ = {
			isa = PBXTargetDependency;
			target = DA9925D0283E0DD5004C0FF6 /* Checklists */;
			targetProxy = DA9925F2283E0DD7004C0FF6 /* PBXContainerItemProxy */;
		};
/* End PBXTargetDependency section */

/* Begin PBXVariantGroup section */
		DA9925DF283E0DD7004C0FF6 /* LaunchScreen.storyboard */ = {
			isa = PBXVariantGroup;
			children = (
				DA9925E0283E0DD7004C0FF6 /* Base */,
			);
			name = LaunchScreen.storyboard;
			sourceTree = "<group>";
		};
		DA992633283E28FB004C0FF6 /* Localizable.strings */ = {
			isa = PBXVariantGroup;
			children = (
				DA992634283E28FB004C0FF6 /* en */,
			);
			name = Localizable.strings;
			sourceTree = "<group>";
		};
/* End PBXVariantGroup section */

/* Begin XCBuildConfiguration section */
		DA9925F9283E0DD7004C0FF6 /* Debug */ = {
			isa = XCBuildConfiguration;
			baseConfigurationReference = DA99261D283E18AC004C0FF6 /* development.xcconfig */;
			buildSettings = {
				ALWAYS_SEARCH_USER_PATHS = NO;
				CLANG_ANALYZER_NONNULL = YES;
				CLANG_ANALYZER_NUMBER_OBJECT_CONVERSION = YES_AGGRESSIVE;
				CLANG_CXX_LANGUAGE_STANDARD = "gnu++17";
				CLANG_CXX_LIBRARY = "libc++";
				CLANG_ENABLE_MODULES = YES;
				CLANG_ENABLE_OBJC_ARC = YES;
				CLANG_ENABLE_OBJC_WEAK = YES;
				CLANG_WARN_BLOCK_CAPTURE_AUTORELEASING = YES;
				CLANG_WARN_BOOL_CONVERSION = YES;
				CLANG_WARN_COMMA = YES;
				CLANG_WARN_CONSTANT_CONVERSION = YES;
				CLANG_WARN_DEPRECATED_OBJC_IMPLEMENTATIONS = YES;
				CLANG_WARN_DIRECT_OBJC_ISA_USAGE = YES_ERROR;
				CLANG_WARN_DOCUMENTATION_COMMENTS = YES;
				CLANG_WARN_EMPTY_BODY = YES;
				CLANG_WARN_ENUM_CONVERSION = YES;
				CLANG_WARN_INFINITE_RECURSION = YES;
				CLANG_WARN_INT_CONVERSION = YES;
				CLANG_WARN_NON_LITERAL_NULL_CONVERSION = YES;
				CLANG_WARN_OBJC_IMPLICIT_RETAIN_SELF = YES;
				CLANG_WARN_OBJC_LITERAL_CONVERSION = YES;
				CLANG_WARN_OBJC_ROOT_CLASS = YES_ERROR;
				CLANG_WARN_QUOTED_INCLUDE_IN_FRAMEWORK_HEADER = YES;
				CLANG_WARN_RANGE_LOOP_ANALYSIS = YES;
				CLANG_WARN_STRICT_PROTOTYPES = YES;
				CLANG_WARN_SUSPICIOUS_MOVE = YES;
				CLANG_WARN_UNGUARDED_AVAILABILITY = YES_AGGRESSIVE;
				CLANG_WARN_UNREACHABLE_CODE = YES;
				CLANG_WARN__DUPLICATE_METHOD_MATCH = YES;
				COPY_PHASE_STRIP = NO;
				DEBUG_INFORMATION_FORMAT = dwarf;
				ENABLE_STRICT_OBJC_MSGSEND = YES;
				ENABLE_TESTABILITY = YES;
				GCC_C_LANGUAGE_STANDARD = gnu11;
				GCC_DYNAMIC_NO_PIC = NO;
				GCC_NO_COMMON_BLOCKS = YES;
				GCC_OPTIMIZATION_LEVEL = 0;
				GCC_PREPROCESSOR_DEFINITIONS = (
					"DEBUG=1",
					"$(inherited)",
				);
				GCC_WARN_64_TO_32_BIT_CONVERSION = YES;
				GCC_WARN_ABOUT_RETURN_TYPE = YES_ERROR;
				GCC_WARN_UNDECLARED_SELECTOR = YES;
				GCC_WARN_UNINITIALIZED_AUTOS = YES_AGGRESSIVE;
				GCC_WARN_UNUSED_FUNCTION = YES;
				GCC_WARN_UNUSED_VARIABLE = YES;
				IPHONEOS_DEPLOYMENT_TARGET = 13.0;
				MTL_ENABLE_DEBUG_INFO = INCLUDE_SOURCE;
				MTL_FAST_MATH = YES;
				ONLY_ACTIVE_ARCH = YES;
				SDKROOT = iphoneos;
				SWIFT_ACTIVE_COMPILATION_CONDITIONS = DEBUG;
				SWIFT_OPTIMIZATION_LEVEL = "-Onone";
			};
			name = Debug;
		};
		DA9925FA283E0DD7004C0FF6 /* Release */ = {
			isa = XCBuildConfiguration;
			baseConfigurationReference = DA99261F283E18E6004C0FF6 /* production.xcconfig */;
			buildSettings = {
				ALWAYS_SEARCH_USER_PATHS = NO;
				CLANG_ANALYZER_NONNULL = YES;
				CLANG_ANALYZER_NUMBER_OBJECT_CONVERSION = YES_AGGRESSIVE;
				CLANG_CXX_LANGUAGE_STANDARD = "gnu++17";
				CLANG_CXX_LIBRARY = "libc++";
				CLANG_ENABLE_MODULES = YES;
				CLANG_ENABLE_OBJC_ARC = YES;
				CLANG_ENABLE_OBJC_WEAK = YES;
				CLANG_WARN_BLOCK_CAPTURE_AUTORELEASING = YES;
				CLANG_WARN_BOOL_CONVERSION = YES;
				CLANG_WARN_COMMA = YES;
				CLANG_WARN_CONSTANT_CONVERSION = YES;
				CLANG_WARN_DEPRECATED_OBJC_IMPLEMENTATIONS = YES;
				CLANG_WARN_DIRECT_OBJC_ISA_USAGE = YES_ERROR;
				CLANG_WARN_DOCUMENTATION_COMMENTS = YES;
				CLANG_WARN_EMPTY_BODY = YES;
				CLANG_WARN_ENUM_CONVERSION = YES;
				CLANG_WARN_INFINITE_RECURSION = YES;
				CLANG_WARN_INT_CONVERSION = YES;
				CLANG_WARN_NON_LITERAL_NULL_CONVERSION = YES;
				CLANG_WARN_OBJC_IMPLICIT_RETAIN_SELF = YES;
				CLANG_WARN_OBJC_LITERAL_CONVERSION = YES;
				CLANG_WARN_OBJC_ROOT_CLASS = YES_ERROR;
				CLANG_WARN_QUOTED_INCLUDE_IN_FRAMEWORK_HEADER = YES;
				CLANG_WARN_RANGE_LOOP_ANALYSIS = YES;
				CLANG_WARN_STRICT_PROTOTYPES = YES;
				CLANG_WARN_SUSPICIOUS_MOVE = YES;
				CLANG_WARN_UNGUARDED_AVAILABILITY = YES_AGGRESSIVE;
				CLANG_WARN_UNREACHABLE_CODE = YES;
				CLANG_WARN__DUPLICATE_METHOD_MATCH = YES;
				COPY_PHASE_STRIP = NO;
				DEBUG_INFORMATION_FORMAT = "dwarf-with-dsym";
				ENABLE_NS_ASSERTIONS = NO;
				ENABLE_STRICT_OBJC_MSGSEND = YES;
				GCC_C_LANGUAGE_STANDARD = gnu11;
				GCC_NO_COMMON_BLOCKS = YES;
				GCC_WARN_64_TO_32_BIT_CONVERSION = YES;
				GCC_WARN_ABOUT_RETURN_TYPE = YES_ERROR;
				GCC_WARN_UNDECLARED_SELECTOR = YES;
				GCC_WARN_UNINITIALIZED_AUTOS = YES_AGGRESSIVE;
				GCC_WARN_UNUSED_FUNCTION = YES;
				GCC_WARN_UNUSED_VARIABLE = YES;
				IPHONEOS_DEPLOYMENT_TARGET = 13.0;
				MTL_ENABLE_DEBUG_INFO = NO;
				MTL_FAST_MATH = YES;
				SDKROOT = iphoneos;
				SWIFT_COMPILATION_MODE = wholemodule;
				SWIFT_OPTIMIZATION_LEVEL = "-O";
				VALIDATE_PRODUCT = YES;
			};
			name = Release;
		};
		DA9925FC283E0DD7004C0FF6 /* Debug */ = {
			isa = XCBuildConfiguration;
			buildSettings = {
				ASSETCATALOG_COMPILER_APPICON_NAME = AppIcon;
				ASSETCATALOG_COMPILER_GLOBAL_ACCENT_COLOR_NAME = AccentColor;
				CODE_SIGN_STYLE = Automatic;
				CURRENT_PROJECT_VERSION = 1;
				DEVELOPMENT_TEAM = SCDM9CKQMB;
				GENERATE_INFOPLIST_FILE = YES;
				INFOPLIST_FILE = Checklists/Application/Info.plist;
				INFOPLIST_KEY_UIApplicationSupportsIndirectInputEvents = YES;
				INFOPLIST_KEY_UILaunchStoryboardName = LaunchScreen;
				INFOPLIST_KEY_UISupportedInterfaceOrientations = UIInterfaceOrientationPortrait;
				INFOPLIST_KEY_UISupportedInterfaceOrientations_iPad = "UIInterfaceOrientationPortrait UIInterfaceOrientationPortraitUpsideDown UIInterfaceOrientationLandscapeLeft UIInterfaceOrientationLandscapeRight";
				INFOPLIST_KEY_UISupportedInterfaceOrientations_iPhone = "UIInterfaceOrientationPortrait UIInterfaceOrientationLandscapeLeft UIInterfaceOrientationLandscapeRight";
				LD_RUNPATH_SEARCH_PATHS = (
					"$(inherited)",
					"@executable_path/Frameworks",
				);
				MARKETING_VERSION = 1.0;
				PRODUCT_BUNDLE_IDENTIFIER = io.github.jhnplotim.ios.Checklists;
				PRODUCT_NAME = "$(TARGET_NAME)";
				SWIFT_EMIT_LOC_STRINGS = YES;
				SWIFT_VERSION = 5.0;
				TARGETED_DEVICE_FAMILY = "1,2";
			};
			name = Debug;
		};
		DA9925FD283E0DD7004C0FF6 /* Release */ = {
			isa = XCBuildConfiguration;
			buildSettings = {
				ASSETCATALOG_COMPILER_APPICON_NAME = AppIcon;
				ASSETCATALOG_COMPILER_GLOBAL_ACCENT_COLOR_NAME = AccentColor;
				CODE_SIGN_STYLE = Automatic;
				CURRENT_PROJECT_VERSION = 1;
				DEVELOPMENT_TEAM = SCDM9CKQMB;
				GENERATE_INFOPLIST_FILE = YES;
				INFOPLIST_FILE = Checklists/Application/Info.plist;
				INFOPLIST_KEY_UIApplicationSupportsIndirectInputEvents = YES;
				INFOPLIST_KEY_UILaunchStoryboardName = LaunchScreen;
				INFOPLIST_KEY_UISupportedInterfaceOrientations = UIInterfaceOrientationPortrait;
				INFOPLIST_KEY_UISupportedInterfaceOrientations_iPad = "UIInterfaceOrientationPortrait UIInterfaceOrientationPortraitUpsideDown UIInterfaceOrientationLandscapeLeft UIInterfaceOrientationLandscapeRight";
				INFOPLIST_KEY_UISupportedInterfaceOrientations_iPhone = "UIInterfaceOrientationPortrait UIInterfaceOrientationLandscapeLeft UIInterfaceOrientationLandscapeRight";
				LD_RUNPATH_SEARCH_PATHS = (
					"$(inherited)",
					"@executable_path/Frameworks",
				);
				MARKETING_VERSION = 1.0;
				PRODUCT_BUNDLE_IDENTIFIER = io.github.jhnplotim.ios.Checklists;
				PRODUCT_NAME = "$(TARGET_NAME)";
				SWIFT_EMIT_LOC_STRINGS = YES;
				SWIFT_VERSION = 5.0;
				TARGETED_DEVICE_FAMILY = "1,2";
			};
			name = Release;
		};
		DA9925FF283E0DD7004C0FF6 /* Debug */ = {
			isa = XCBuildConfiguration;
			buildSettings = {
				ALWAYS_EMBED_SWIFT_STANDARD_LIBRARIES = YES;
				BUNDLE_LOADER = "$(TEST_HOST)";
				CODE_SIGN_STYLE = Automatic;
				CURRENT_PROJECT_VERSION = 1;
				DEVELOPMENT_TEAM = 6278X7SZT4;
				GENERATE_INFOPLIST_FILE = YES;
				IPHONEOS_DEPLOYMENT_TARGET = 15.0;
				LD_RUNPATH_SEARCH_PATHS = (
					"$(inherited)",
					"@executable_path/Frameworks",
					"@loader_path/Frameworks",
				);
				MARKETING_VERSION = 1.0;
				PRODUCT_BUNDLE_IDENTIFIER = io.github.jhnplotim.ios.checklists.ChecklistsTests;
				PRODUCT_NAME = "$(TARGET_NAME)";
				SWIFT_EMIT_LOC_STRINGS = NO;
				SWIFT_VERSION = 5.0;
				TARGETED_DEVICE_FAMILY = "1,2";
				TEST_HOST = "$(BUILT_PRODUCTS_DIR)/Checklists.app/Checklists";
			};
			name = Debug;
		};
		DA992600283E0DD7004C0FF6 /* Release */ = {
			isa = XCBuildConfiguration;
			buildSettings = {
				ALWAYS_EMBED_SWIFT_STANDARD_LIBRARIES = YES;
				BUNDLE_LOADER = "$(TEST_HOST)";
				CODE_SIGN_STYLE = Automatic;
				CURRENT_PROJECT_VERSION = 1;
				DEVELOPMENT_TEAM = 6278X7SZT4;
				GENERATE_INFOPLIST_FILE = YES;
				IPHONEOS_DEPLOYMENT_TARGET = 15.0;
				LD_RUNPATH_SEARCH_PATHS = (
					"$(inherited)",
					"@executable_path/Frameworks",
					"@loader_path/Frameworks",
				);
				MARKETING_VERSION = 1.0;
				PRODUCT_BUNDLE_IDENTIFIER = io.github.jhnplotim.ios.checklists.ChecklistsTests;
				PRODUCT_NAME = "$(TARGET_NAME)";
				SWIFT_EMIT_LOC_STRINGS = NO;
				SWIFT_VERSION = 5.0;
				TARGETED_DEVICE_FAMILY = "1,2";
				TEST_HOST = "$(BUILT_PRODUCTS_DIR)/Checklists.app/Checklists";
			};
			name = Release;
		};
		DA992602283E0DD7004C0FF6 /* Debug */ = {
			isa = XCBuildConfiguration;
			buildSettings = {
				ALWAYS_EMBED_SWIFT_STANDARD_LIBRARIES = YES;
				CODE_SIGN_STYLE = Automatic;
				CURRENT_PROJECT_VERSION = 1;
				DEVELOPMENT_TEAM = 6278X7SZT4;
				GENERATE_INFOPLIST_FILE = YES;
				LD_RUNPATH_SEARCH_PATHS = (
					"$(inherited)",
					"@executable_path/Frameworks",
					"@loader_path/Frameworks",
				);
				MARKETING_VERSION = 1.0;
				PRODUCT_BUNDLE_IDENTIFIER = io.github.jhnplotim.ios.checklists.ChecklistsUITests;
				PRODUCT_NAME = "$(TARGET_NAME)";
				SWIFT_EMIT_LOC_STRINGS = NO;
				SWIFT_VERSION = 5.0;
				TARGETED_DEVICE_FAMILY = "1,2";
				TEST_TARGET_NAME = Checklists;
			};
			name = Debug;
		};
		DA992603283E0DD7004C0FF6 /* Release */ = {
			isa = XCBuildConfiguration;
			buildSettings = {
				ALWAYS_EMBED_SWIFT_STANDARD_LIBRARIES = YES;
				CODE_SIGN_STYLE = Automatic;
				CURRENT_PROJECT_VERSION = 1;
				DEVELOPMENT_TEAM = 6278X7SZT4;
				GENERATE_INFOPLIST_FILE = YES;
				LD_RUNPATH_SEARCH_PATHS = (
					"$(inherited)",
					"@executable_path/Frameworks",
					"@loader_path/Frameworks",
				);
				MARKETING_VERSION = 1.0;
				PRODUCT_BUNDLE_IDENTIFIER = io.github.jhnplotim.ios.checklists.ChecklistsUITests;
				PRODUCT_NAME = "$(TARGET_NAME)";
				SWIFT_EMIT_LOC_STRINGS = NO;
				SWIFT_VERSION = 5.0;
				TARGETED_DEVICE_FAMILY = "1,2";
				TEST_TARGET_NAME = Checklists;
			};
			name = Release;
		};
		DA992618283E181A004C0FF6 /* Beta */ = {
			isa = XCBuildConfiguration;
			baseConfigurationReference = DA99261E283E18C7004C0FF6 /* test.xcconfig */;
			buildSettings = {
				ALWAYS_SEARCH_USER_PATHS = NO;
				CLANG_ANALYZER_NONNULL = YES;
				CLANG_ANALYZER_NUMBER_OBJECT_CONVERSION = YES_AGGRESSIVE;
				CLANG_CXX_LANGUAGE_STANDARD = "gnu++17";
				CLANG_CXX_LIBRARY = "libc++";
				CLANG_ENABLE_MODULES = YES;
				CLANG_ENABLE_OBJC_ARC = YES;
				CLANG_ENABLE_OBJC_WEAK = YES;
				CLANG_WARN_BLOCK_CAPTURE_AUTORELEASING = YES;
				CLANG_WARN_BOOL_CONVERSION = YES;
				CLANG_WARN_COMMA = YES;
				CLANG_WARN_CONSTANT_CONVERSION = YES;
				CLANG_WARN_DEPRECATED_OBJC_IMPLEMENTATIONS = YES;
				CLANG_WARN_DIRECT_OBJC_ISA_USAGE = YES_ERROR;
				CLANG_WARN_DOCUMENTATION_COMMENTS = YES;
				CLANG_WARN_EMPTY_BODY = YES;
				CLANG_WARN_ENUM_CONVERSION = YES;
				CLANG_WARN_INFINITE_RECURSION = YES;
				CLANG_WARN_INT_CONVERSION = YES;
				CLANG_WARN_NON_LITERAL_NULL_CONVERSION = YES;
				CLANG_WARN_OBJC_IMPLICIT_RETAIN_SELF = YES;
				CLANG_WARN_OBJC_LITERAL_CONVERSION = YES;
				CLANG_WARN_OBJC_ROOT_CLASS = YES_ERROR;
				CLANG_WARN_QUOTED_INCLUDE_IN_FRAMEWORK_HEADER = YES;
				CLANG_WARN_RANGE_LOOP_ANALYSIS = YES;
				CLANG_WARN_STRICT_PROTOTYPES = YES;
				CLANG_WARN_SUSPICIOUS_MOVE = YES;
				CLANG_WARN_UNGUARDED_AVAILABILITY = YES_AGGRESSIVE;
				CLANG_WARN_UNREACHABLE_CODE = YES;
				CLANG_WARN__DUPLICATE_METHOD_MATCH = YES;
				COPY_PHASE_STRIP = NO;
				DEBUG_INFORMATION_FORMAT = dwarf;
				ENABLE_STRICT_OBJC_MSGSEND = YES;
				ENABLE_TESTABILITY = YES;
				GCC_C_LANGUAGE_STANDARD = gnu11;
				GCC_DYNAMIC_NO_PIC = NO;
				GCC_NO_COMMON_BLOCKS = YES;
				GCC_OPTIMIZATION_LEVEL = 0;
				GCC_PREPROCESSOR_DEFINITIONS = (
					"DEBUG=1",
					"$(inherited)",
				);
				GCC_WARN_64_TO_32_BIT_CONVERSION = YES;
				GCC_WARN_ABOUT_RETURN_TYPE = YES_ERROR;
				GCC_WARN_UNDECLARED_SELECTOR = YES;
				GCC_WARN_UNINITIALIZED_AUTOS = YES_AGGRESSIVE;
				GCC_WARN_UNUSED_FUNCTION = YES;
				GCC_WARN_UNUSED_VARIABLE = YES;
				IPHONEOS_DEPLOYMENT_TARGET = 13.0;
				MTL_ENABLE_DEBUG_INFO = INCLUDE_SOURCE;
				MTL_FAST_MATH = YES;
				ONLY_ACTIVE_ARCH = YES;
				SDKROOT = iphoneos;
				SWIFT_ACTIVE_COMPILATION_CONDITIONS = DEBUG;
				SWIFT_OPTIMIZATION_LEVEL = "-Onone";
			};
			name = Beta;
		};
		DA992619283E181A004C0FF6 /* Beta */ = {
			isa = XCBuildConfiguration;
			buildSettings = {
				ASSETCATALOG_COMPILER_APPICON_NAME = AppIcon;
				ASSETCATALOG_COMPILER_GLOBAL_ACCENT_COLOR_NAME = AccentColor;
				CODE_SIGN_STYLE = Automatic;
				CURRENT_PROJECT_VERSION = 1;
				DEVELOPMENT_TEAM = SCDM9CKQMB;
				GENERATE_INFOPLIST_FILE = YES;
				INFOPLIST_FILE = Checklists/Application/Info.plist;
				INFOPLIST_KEY_UIApplicationSupportsIndirectInputEvents = YES;
				INFOPLIST_KEY_UILaunchStoryboardName = LaunchScreen;
				INFOPLIST_KEY_UISupportedInterfaceOrientations = UIInterfaceOrientationPortrait;
				INFOPLIST_KEY_UISupportedInterfaceOrientations_iPad = "UIInterfaceOrientationPortrait UIInterfaceOrientationPortraitUpsideDown UIInterfaceOrientationLandscapeLeft UIInterfaceOrientationLandscapeRight";
				INFOPLIST_KEY_UISupportedInterfaceOrientations_iPhone = "UIInterfaceOrientationPortrait UIInterfaceOrientationLandscapeLeft UIInterfaceOrientationLandscapeRight";
				LD_RUNPATH_SEARCH_PATHS = (
					"$(inherited)",
					"@executable_path/Frameworks",
				);
				MARKETING_VERSION = 1.0;
				PRODUCT_BUNDLE_IDENTIFIER = io.github.jhnplotim.ios.Checklists;
				PRODUCT_NAME = "$(TARGET_NAME)";
				SWIFT_EMIT_LOC_STRINGS = YES;
				SWIFT_VERSION = 5.0;
				TARGETED_DEVICE_FAMILY = "1,2";
			};
			name = Beta;
		};
		DA99261A283E181A004C0FF6 /* Beta */ = {
			isa = XCBuildConfiguration;
			buildSettings = {
				ALWAYS_EMBED_SWIFT_STANDARD_LIBRARIES = YES;
				BUNDLE_LOADER = "$(TEST_HOST)";
				CODE_SIGN_STYLE = Automatic;
				CURRENT_PROJECT_VERSION = 1;
				DEVELOPMENT_TEAM = 6278X7SZT4;
				GENERATE_INFOPLIST_FILE = YES;
				IPHONEOS_DEPLOYMENT_TARGET = 15.0;
				LD_RUNPATH_SEARCH_PATHS = (
					"$(inherited)",
					"@executable_path/Frameworks",
					"@loader_path/Frameworks",
				);
				MARKETING_VERSION = 1.0;
				PRODUCT_BUNDLE_IDENTIFIER = io.github.jhnplotim.ios.checklists.ChecklistsTests;
				PRODUCT_NAME = "$(TARGET_NAME)";
				SWIFT_EMIT_LOC_STRINGS = NO;
				SWIFT_VERSION = 5.0;
				TARGETED_DEVICE_FAMILY = "1,2";
				TEST_HOST = "$(BUILT_PRODUCTS_DIR)/Checklists.app/Checklists";
			};
			name = Beta;
		};
		DA99261B283E181A004C0FF6 /* Beta */ = {
			isa = XCBuildConfiguration;
			buildSettings = {
				ALWAYS_EMBED_SWIFT_STANDARD_LIBRARIES = YES;
				CODE_SIGN_STYLE = Automatic;
				CURRENT_PROJECT_VERSION = 1;
				DEVELOPMENT_TEAM = 6278X7SZT4;
				GENERATE_INFOPLIST_FILE = YES;
				LD_RUNPATH_SEARCH_PATHS = (
					"$(inherited)",
					"@executable_path/Frameworks",
					"@loader_path/Frameworks",
				);
				MARKETING_VERSION = 1.0;
				PRODUCT_BUNDLE_IDENTIFIER = io.github.jhnplotim.ios.checklists.ChecklistsUITests;
				PRODUCT_NAME = "$(TARGET_NAME)";
				SWIFT_EMIT_LOC_STRINGS = NO;
				SWIFT_VERSION = 5.0;
				TARGETED_DEVICE_FAMILY = "1,2";
				TEST_TARGET_NAME = Checklists;
			};
			name = Beta;
		};
/* End XCBuildConfiguration section */

/* Begin XCConfigurationList section */
		DA9925CC283E0DD5004C0FF6 /* Build configuration list for PBXProject "Checklists" */ = {
			isa = XCConfigurationList;
			buildConfigurations = (
				DA9925F9283E0DD7004C0FF6 /* Debug */,
				DA992618283E181A004C0FF6 /* Beta */,
				DA9925FA283E0DD7004C0FF6 /* Release */,
			);
			defaultConfigurationIsVisible = 0;
			defaultConfigurationName = Release;
		};
		DA9925FB283E0DD7004C0FF6 /* Build configuration list for PBXNativeTarget "Checklists" */ = {
			isa = XCConfigurationList;
			buildConfigurations = (
				DA9925FC283E0DD7004C0FF6 /* Debug */,
				DA992619283E181A004C0FF6 /* Beta */,
				DA9925FD283E0DD7004C0FF6 /* Release */,
			);
			defaultConfigurationIsVisible = 0;
			defaultConfigurationName = Release;
		};
		DA9925FE283E0DD7004C0FF6 /* Build configuration list for PBXNativeTarget "ChecklistsTests" */ = {
			isa = XCConfigurationList;
			buildConfigurations = (
				DA9925FF283E0DD7004C0FF6 /* Debug */,
				DA99261A283E181A004C0FF6 /* Beta */,
				DA992600283E0DD7004C0FF6 /* Release */,
			);
			defaultConfigurationIsVisible = 0;
			defaultConfigurationName = Release;
		};
		DA992601283E0DD7004C0FF6 /* Build configuration list for PBXNativeTarget "ChecklistsUITests" */ = {
			isa = XCConfigurationList;
			buildConfigurations = (
				DA992602283E0DD7004C0FF6 /* Debug */,
				DA99261B283E181A004C0FF6 /* Beta */,
				DA992603283E0DD7004C0FF6 /* Release */,
			);
			defaultConfigurationIsVisible = 0;
			defaultConfigurationName = Release;
		};
/* End XCConfigurationList section */

/* Begin XCRemoteSwiftPackageReference section */
		7E3287F628438F6C0003AE9E /* XCRemoteSwiftPackageReference "CombineExt" */ = {
			isa = XCRemoteSwiftPackageReference;
			repositoryURL = "https://github.com/CombineCommunity/CombineExt.git";
			requirement = {
				kind = upToNextMajorVersion;
				minimumVersion = 1.0.0;
			};
		};
		7E3287FE284394560003AE9E /* XCRemoteSwiftPackageReference "keychain-swift" */ = {
			isa = XCRemoteSwiftPackageReference;
			repositoryURL = "https://github.com/evgenyneu/keychain-swift";
			requirement = {
				kind = upToNextMajorVersion;
				minimumVersion = 19.0.0;
			};
		};
/* End XCRemoteSwiftPackageReference section */

/* Begin XCSwiftPackageProductDependency section */
		7E3287F728438F6C0003AE9E /* CombineExt */ = {
			isa = XCSwiftPackageProductDependency;
			package = 7E3287F628438F6C0003AE9E /* XCRemoteSwiftPackageReference "CombineExt" */;
			productName = CombineExt;
		};
		7E3287FF284394560003AE9E /* KeychainSwift */ = {
			isa = XCSwiftPackageProductDependency;
			package = 7E3287FE284394560003AE9E /* XCRemoteSwiftPackageReference "keychain-swift" */;
			productName = KeychainSwift;
		};
/* End XCSwiftPackageProductDependency section */
	};
	rootObject = DA9925C9283E0DD5004C0FF6 /* Project object */;
}
